// !$*UTF8*$!
{
	archiveVersion = 1;
	classes = {
	};
	objectVersion = 46;
	objects = {

/* Begin PBXBuildFile section */
		2105567E1D3650780036493C /* StoreSelectionViewModel.swift in Sources */ = {isa = PBXBuildFile; fileRef = 2105567D1D3650780036493C /* StoreSelectionViewModel.swift */; };
		210556801D36FFA00036493C /* StoreInfoCell.swift in Sources */ = {isa = PBXBuildFile; fileRef = 2105567F1D36FFA00036493C /* StoreInfoCell.swift */; };
		210A5B291CFFBE8200217A86 /* CartViewModelSpec.swift in Sources */ = {isa = PBXBuildFile; fileRef = 210A5B281CFFBE8200217A86 /* CartViewModelSpec.swift */; };
		210A5B2B1CFFBEA300217A86 /* cart.json in Resources */ = {isa = PBXBuildFile; fileRef = 210A5B2A1CFFBEA300217A86 /* cart.json */; };
		210BE0B158DD1E5EF40FFB7C /* Order.swift in Sources */ = {isa = PBXBuildFile; fileRef = 210BE4F6B106A961AF6A65BA /* Order.swift */; };
		210BE102F5839C5029CAFEC5 /* Attribute.swift in Sources */ = {isa = PBXBuildFile; fileRef = 210BEA3ECE9B07C738DC32A3 /* Attribute.swift */; };
		210BE1FC59FA761E46E72C64 /* CommonViewBinding.swift in Sources */ = {isa = PBXBuildFile; fileRef = 210BE3F7DD234F1F971FFCFF /* CommonViewBinding.swift */; };
		210BE2199317FF50F41799C3 /* DiscountedLineItemPriceForQuantity.swift in Sources */ = {isa = PBXBuildFile; fileRef = 210BE7B829C74ABD0F54EF6C /* DiscountedLineItemPriceForQuantity.swift */; };
		210BE24589543CA1E27301B4 /* ScannerViewController.swift in Sources */ = {isa = PBXBuildFile; fileRef = 210BECBFAF7E6B6AA88B89BA /* ScannerViewController.swift */; };
		210BE2894AA5A6183C744542 /* ProductVariant.swift in Sources */ = {isa = PBXBuildFile; fileRef = 210BEBC1E14062A5443A9545 /* ProductVariant.swift */; };
		210BE32ED9DFF61C4B4097B6 /* TaxedPrice.swift in Sources */ = {isa = PBXBuildFile; fileRef = 210BEE28435FDC5BFE95DCBA /* TaxedPrice.swift */; };
		210BE3FDCF3E7FD1AD829994 /* CartSummaryCell.swift in Sources */ = {isa = PBXBuildFile; fileRef = 210BE4DC5197090C201025BE /* CartSummaryCell.swift */; };
		210BE4394C6695E42872FBE3 /* Money.swift in Sources */ = {isa = PBXBuildFile; fileRef = 210BE0EB8BF3DF720B62490C /* Money.swift */; };
		210BE4A88E151313C428184E /* CartViewModel.swift in Sources */ = {isa = PBXBuildFile; fileRef = 210BE5453FDA40B948A5034D /* CartViewModel.swift */; };
		210BE50562A2F0BF23779C61 /* ProductViewModel.swift in Sources */ = {isa = PBXBuildFile; fileRef = 210BE5C13E116669D9FB4BDD /* ProductViewModel.swift */; };
		210BE5531A46D49DC5FC045F /* BaseViewModel.swift in Sources */ = {isa = PBXBuildFile; fileRef = 210BE81F2AC37E98EA8580EA /* BaseViewModel.swift */; };
		210BE64C6B6B25F09F3FD20D /* LineItem.swift in Sources */ = {isa = PBXBuildFile; fileRef = 210BE026DC744F97CD4EDE90 /* LineItem.swift */; };
		210BE67B374D7D5130EDEF04 /* Channel.swift in Sources */ = {isa = PBXBuildFile; fileRef = 210BE326EC179776D6CECAD0 /* Channel.swift */; };
		210BE6B5006B9DD2CC047578 /* SignInViewModel.swift in Sources */ = {isa = PBXBuildFile; fileRef = 210BE09BDDBB63DD98464192 /* SignInViewModel.swift */; };
		210BE782A076C8D447413714 /* Price.swift in Sources */ = {isa = PBXBuildFile; fileRef = 210BE1786F78A2DADF4CE9BB /* Price.swift */; };
		210BE7B8019E23DB879AAE1B /* ProductVariantAvailability.swift in Sources */ = {isa = PBXBuildFile; fileRef = 210BEAF8ED81121BF94F2B46 /* ProductVariantAvailability.swift */; };
		210BE7E5E4522D03EF0BB7B8 /* Changeset.swift in Sources */ = {isa = PBXBuildFile; fileRef = 210BE70101007B36C753F74B /* Changeset.swift */; };
		210BE7EECFC21F818CB3FE8F /* ProductOverviewViewModel.swift in Sources */ = {isa = PBXBuildFile; fileRef = 210BE8F057692647AF7F4389 /* ProductOverviewViewModel.swift */; };
		210BE8603FFDCB26D5443788 /* AppRouting.swift in Sources */ = {isa = PBXBuildFile; fileRef = 210BEB43EB567F74C591D677 /* AppRouting.swift */; };
		210BE8BFECC821239614E8C9 /* Image.swift in Sources */ = {isa = PBXBuildFile; fileRef = 210BEF4DF3AD5DCA4B86375B /* Image.swift */; };
		210BE90F7DFDB4A06F882E59 /* ProductViewController.swift in Sources */ = {isa = PBXBuildFile; fileRef = 210BE49252E7EBF7CB02D732 /* ProductViewController.swift */; };
		210BEA1E54411B936F8EFC3B /* Cart.swift in Sources */ = {isa = PBXBuildFile; fileRef = 210BE332CD12BB27B91DECA0 /* Cart.swift */; };
		210BEA81E77949DA5C0DE293 /* OrdersViewModel.swift in Sources */ = {isa = PBXBuildFile; fileRef = 210BED4859A8F2A367EA4ED1 /* OrdersViewModel.swift */; };
		210BEBCB6460A6C110A6DF66 /* ScannerViewModel.swift in Sources */ = {isa = PBXBuildFile; fileRef = 210BE8917F4B6AB6DDA9FFBA /* ScannerViewModel.swift */; };
		210BEC05778D093F80933C80 /* Address.swift in Sources */ = {isa = PBXBuildFile; fileRef = 210BED109BD2AE8C554F557C /* Address.swift */; };
		210BECAE13938A21A393C37E /* ProductProjection.swift in Sources */ = {isa = PBXBuildFile; fileRef = 210BEEC91A5A9FD1BB6B87A8 /* ProductProjection.swift */; };
		210BED60B9D7ED7035A347E4 /* OrderOverviewViewController.swift in Sources */ = {isa = PBXBuildFile; fileRef = 210BEFDF8893998022F80737 /* OrderOverviewViewController.swift */; };
		210BEDB86468757333A2BF3D /* SignalProducerUtils.swift in Sources */ = {isa = PBXBuildFile; fileRef = 210BECFF754F592E22066C90 /* SignalProducerUtils.swift */; };
		210BEDE4529CF8A86AA49D69 /* OrdersViewController.swift in Sources */ = {isa = PBXBuildFile; fileRef = 210BE2D7A19A1C4E0EBAC526 /* OrdersViewController.swift */; };
		210BEE03C12658588435D231 /* ChannelDetails.swift in Sources */ = {isa = PBXBuildFile; fileRef = 210BED6D25FCD9D0EF8A8D0C /* ChannelDetails.swift */; };
		210BEE156F121F695E9A9063 /* DiscountedLineItemPrice.swift in Sources */ = {isa = PBXBuildFile; fileRef = 210BE43439B05958D1D34363 /* DiscountedLineItemPrice.swift */; };
		210BEE95348FD2AEEE13490D /* OrderOverviewViewModel.swift in Sources */ = {isa = PBXBuildFile; fileRef = 210BECA9CA2821C630F01AE4 /* OrderOverviewViewModel.swift */; };
		210BEEE397C180AA40D0724D /* Dictionary+LocalizedString.swift in Sources */ = {isa = PBXBuildFile; fileRef = 210BE9B158BE86C70C9F1F47 /* Dictionary+LocalizedString.swift */; };
		210BEEFB2F4B848FD02FC2E6 /* DiscountedPrice.swift in Sources */ = {isa = PBXBuildFile; fileRef = 210BE07D571738D36AF37F5B /* DiscountedPrice.swift */; };
		211468B21D1F4FF00011A944 /* OrdersHeaderView.swift in Sources */ = {isa = PBXBuildFile; fileRef = 211468B11D1F4FF00011A944 /* OrdersHeaderView.swift */; };
		211468B41D1F54240011A944 /* OrdersHeaderView.xib in Resources */ = {isa = PBXBuildFile; fileRef = 211468B31D1F54240011A944 /* OrdersHeaderView.xib */; };
		211468B61D2088440011A944 /* Cart.storyboard in Resources */ = {isa = PBXBuildFile; fileRef = 211468B51D2088440011A944 /* Cart.storyboard */; };
		2147E6611D07860100EB21AE /* SignInViewController.swift in Sources */ = {isa = PBXBuildFile; fileRef = 2147E6601D07860100EB21AE /* SignInViewController.swift */; };
		215C4F681CF2836400A99790 /* ProductViewModelSpec.swift in Sources */ = {isa = PBXBuildFile; fileRef = 215C4F671CF2836400A99790 /* ProductViewModelSpec.swift */; };
		215C4F6A1CF286D100A99790 /* product-projection.json in Resources */ = {isa = PBXBuildFile; fileRef = 215C4F691CF286D100A99790 /* product-projection.json */; };
		215C4F6B1CF28CC600A99790 /* NSBundle+CurrentTestBundle.swift in Sources */ = {isa = PBXBuildFile; fileRef = 210BEF340733DC1B9B2DE4F9 /* NSBundle+CurrentTestBundle.swift */; };
		215C4F6C1CF28CC900A99790 /* NSBundle+CurrentTestBundle.swift in Sources */ = {isa = PBXBuildFile; fileRef = 210BEF340733DC1B9B2DE4F9 /* NSBundle+CurrentTestBundle.swift */; };
		215C7C201D79A08C002EC074 /* SelectableAttributeCell.swift in Sources */ = {isa = PBXBuildFile; fileRef = 215C7C1F1D79A08C002EC074 /* SelectableAttributeCell.swift */; };
		215C7C221D79A0B4002EC074 /* DisplayedAttributeCell.swift in Sources */ = {isa = PBXBuildFile; fileRef = 215C7C211D79A0B4002EC074 /* DisplayedAttributeCell.swift */; };
		215C7C261D79CE4A002EC074 /* ProductType.swift in Sources */ = {isa = PBXBuildFile; fileRef = 215C7C251D79CE4A002EC074 /* ProductType.swift */; };
		215C7C281D79CEE0002EC074 /* AttributeDefinition.swift in Sources */ = {isa = PBXBuildFile; fileRef = 215C7C271D79CEE0002EC074 /* AttributeDefinition.swift */; };
		215C7C2A1D79CFDB002EC074 /* AttributeType.swift in Sources */ = {isa = PBXBuildFile; fileRef = 215C7C291D79CFDB002EC074 /* AttributeType.swift */; };
		216153A01D1AA03B006C9627 /* LaunchScreen.storyboard in Resources */ = {isa = PBXBuildFile; fileRef = 2161539E1D1AA03B006C9627 /* LaunchScreen.storyboard */; };
		216153A11D1AA03B006C9627 /* Main.storyboard in Resources */ = {isa = PBXBuildFile; fileRef = 2161539F1D1AA03B006C9627 /* Main.storyboard */; };
		2168A02B1D1A9F0C00C244D8 /* Account.storyboard in Resources */ = {isa = PBXBuildFile; fileRef = 2168A02A1D1A9F0C00C244D8 /* Account.storyboard */; };
		217581B61CF4623E0067BE15 /* ProductOverviewCell.swift in Sources */ = {isa = PBXBuildFile; fileRef = 217581B51CF4623E0067BE15 /* ProductOverviewCell.swift */; };
		217581B81CF4865A0067BE15 /* ProductOverviewViewController.swift in Sources */ = {isa = PBXBuildFile; fileRef = 217581B71CF4865A0067BE15 /* ProductOverviewViewController.swift */; };
		218988251CED0C78006E7757 /* ProductDetails.storyboard in Resources */ = {isa = PBXBuildFile; fileRef = 218988241CED0C78006E7757 /* ProductDetails.storyboard */; };
		219B2EBC1D1B7348004579DD /* OrderCell.swift in Sources */ = {isa = PBXBuildFile; fileRef = 219B2EBB1D1B7348004579DD /* OrderCell.swift */; };
		21A30D111D3005300029DB7E /* SunriseTabBarController.swift in Sources */ = {isa = PBXBuildFile; fileRef = 21A30D101D3005300029DB7E /* SunriseTabBarController.swift */; };
		21A6B4681D6330DA008BA95C /* ReservationViewController.swift in Sources */ = {isa = PBXBuildFile; fileRef = 21A6B4671D6330DA008BA95C /* ReservationViewController.swift */; };
		21A6B46A1D63311E008BA95C /* ReservationViewModel.swift in Sources */ = {isa = PBXBuildFile; fileRef = 21A6B4691D63311E008BA95C /* ReservationViewModel.swift */; };
		21A6B46C1D6477E0008BA95C /* ReservationViewModelSpec.swift in Sources */ = {isa = PBXBuildFile; fileRef = 21A6B46B1D6477E0008BA95C /* ReservationViewModelSpec.swift */; };
		21A6B46E1D647807008BA95C /* reservation.json in Resources */ = {isa = PBXBuildFile; fileRef = 21A6B46D1D647807008BA95C /* reservation.json */; };
		21A8EEAB1CEC69AF009A8CEB /* CommercetoolsStagingConfig.plist in Resources */ = {isa = PBXBuildFile; fileRef = 21A8EEAA1CEC69AF009A8CEB /* CommercetoolsStagingConfig.plist */; };
		21A8EEAD1CEC69BA009A8CEB /* CommercetoolsProdConfig.plist in Resources */ = {isa = PBXBuildFile; fileRef = 21A8EEAC1CEC69BA009A8CEB /* CommercetoolsProdConfig.plist */; };
		21A9E70A1D64BB3300AC3953 /* Customer.swift in Sources */ = {isa = PBXBuildFile; fileRef = 21A9E7091D64BB3300AC3953 /* Customer.swift */; };
		21B1D8271CFCAE930005848C /* CartViewController.swift in Sources */ = {isa = PBXBuildFile; fileRef = 21B1D8261CFCAE930005848C /* CartViewController.swift */; };
		21B9001A1CFE07C700E053F9 /* CartLineItemCell.swift in Sources */ = {isa = PBXBuildFile; fileRef = 21B900191CFE07C700E053F9 /* CartLineItemCell.swift */; };
		21BBDC221D34177B00C516FD /* StoreSelectionViewController.swift in Sources */ = {isa = PBXBuildFile; fileRef = 21BBDC211D34177B00C516FD /* StoreSelectionViewController.swift */; };
		21BBDC241D34199500C516FD /* StoreDetailsCell.swift in Sources */ = {isa = PBXBuildFile; fileRef = 21BBDC231D34199500C516FD /* StoreDetailsCell.swift */; };
		21C637821CF730380079945A /* ProductOverviewViewModelSpec.swift in Sources */ = {isa = PBXBuildFile; fileRef = 210BEA423D40007AB1E0CA2D /* ProductOverviewViewModelSpec.swift */; };
		21CDC4981CE91D9B009D2638 /* AppDelegate.swift in Sources */ = {isa = PBXBuildFile; fileRef = 21CDC4971CE91D9B009D2638 /* AppDelegate.swift */; };
		21CDC4A11CE91D9B009D2638 /* Assets.xcassets in Resources */ = {isa = PBXBuildFile; fileRef = 21CDC4A01CE91D9B009D2638 /* Assets.xcassets */; };
		21CDC4BA1CE91D9B009D2638 /* SunriseUITests.swift in Sources */ = {isa = PBXBuildFile; fileRef = 21CDC4B91CE91D9B009D2638 /* SunriseUITests.swift */; };
		21FDB47D1D219B580028DDC9 /* OrdersViewModelSpec.swift in Sources */ = {isa = PBXBuildFile; fileRef = 21FDB47C1D219B580028DDC9 /* OrdersViewModelSpec.swift */; };
		59C0EA28597296088970E5CD /* Pods_Sunrise.framework in Frameworks */ = {isa = PBXBuildFile; fileRef = 9090A8EC74C3609FB1196CB5 /* Pods_Sunrise.framework */; };
		60AA51A6DFFE7922EA4180E4 /* Pods_SunriseUITests.framework in Frameworks */ = {isa = PBXBuildFile; fileRef = 7A562E52A4EA825B9D79192B /* Pods_SunriseUITests.framework */; };
		8525A6F02B03D16848DE6E21 /* Pods_SunriseTests.framework in Frameworks */ = {isa = PBXBuildFile; fileRef = 39AA6BB2954DAE3F04E3F733 /* Pods_SunriseTests.framework */; };
/* End PBXBuildFile section */

/* Begin PBXContainerItemProxy section */
		21CDC4AB1CE91D9B009D2638 /* PBXContainerItemProxy */ = {
			isa = PBXContainerItemProxy;
			containerPortal = 21CDC48C1CE91D9B009D2638 /* Project object */;
			proxyType = 1;
			remoteGlobalIDString = 21CDC4931CE91D9B009D2638;
			remoteInfo = Sunrise;
		};
		21CDC4B61CE91D9B009D2638 /* PBXContainerItemProxy */ = {
			isa = PBXContainerItemProxy;
			containerPortal = 21CDC48C1CE91D9B009D2638 /* Project object */;
			proxyType = 1;
			remoteGlobalIDString = 21CDC4931CE91D9B009D2638;
			remoteInfo = Sunrise;
		};
/* End PBXContainerItemProxy section */

/* Begin PBXFileReference section */
		17D1760D1D552D42D0C367DB /* Pods-Sunrise.debug.xcconfig */ = {isa = PBXFileReference; includeInIndex = 1; lastKnownFileType = text.xcconfig; name = "Pods-Sunrise.debug.xcconfig"; path = "Pods/Target Support Files/Pods-Sunrise/Pods-Sunrise.debug.xcconfig"; sourceTree = "<group>"; };
		1A4BEC5580C7D7626C6247AC /* Pods-SunriseUITests.debug staging.xcconfig */ = {isa = PBXFileReference; includeInIndex = 1; lastKnownFileType = text.xcconfig; name = "Pods-SunriseUITests.debug staging.xcconfig"; path = "Pods/Target Support Files/Pods-SunriseUITests/Pods-SunriseUITests.debug staging.xcconfig"; sourceTree = "<group>"; };
		1FBFF28843B465BB315D9FFC /* Pods-Sunrise.release prod.xcconfig */ = {isa = PBXFileReference; includeInIndex = 1; lastKnownFileType = text.xcconfig; name = "Pods-Sunrise.release prod.xcconfig"; path = "Pods/Target Support Files/Pods-Sunrise/Pods-Sunrise.release prod.xcconfig"; sourceTree = "<group>"; };
		2105567D1D3650780036493C /* StoreSelectionViewModel.swift */ = {isa = PBXFileReference; fileEncoding = 4; lastKnownFileType = sourcecode.swift; path = StoreSelectionViewModel.swift; sourceTree = "<group>"; };
		2105567F1D36FFA00036493C /* StoreInfoCell.swift */ = {isa = PBXFileReference; fileEncoding = 4; lastKnownFileType = sourcecode.swift; path = StoreInfoCell.swift; sourceTree = "<group>"; };
		210A5B281CFFBE8200217A86 /* CartViewModelSpec.swift */ = {isa = PBXFileReference; fileEncoding = 4; lastKnownFileType = sourcecode.swift; path = CartViewModelSpec.swift; sourceTree = "<group>"; };
		210A5B2A1CFFBEA300217A86 /* cart.json */ = {isa = PBXFileReference; fileEncoding = 4; lastKnownFileType = text.json; path = cart.json; sourceTree = "<group>"; };
		210BE026DC744F97CD4EDE90 /* LineItem.swift */ = {isa = PBXFileReference; fileEncoding = 4; lastKnownFileType = sourcecode.swift; path = LineItem.swift; sourceTree = "<group>"; };
		210BE07D571738D36AF37F5B /* DiscountedPrice.swift */ = {isa = PBXFileReference; fileEncoding = 4; lastKnownFileType = sourcecode.swift; path = DiscountedPrice.swift; sourceTree = "<group>"; };
		210BE09BDDBB63DD98464192 /* SignInViewModel.swift */ = {isa = PBXFileReference; fileEncoding = 4; lastKnownFileType = sourcecode.swift; path = SignInViewModel.swift; sourceTree = "<group>"; };
		210BE0EB8BF3DF720B62490C /* Money.swift */ = {isa = PBXFileReference; fileEncoding = 4; lastKnownFileType = sourcecode.swift; path = Money.swift; sourceTree = "<group>"; };
		210BE1786F78A2DADF4CE9BB /* Price.swift */ = {isa = PBXFileReference; fileEncoding = 4; lastKnownFileType = sourcecode.swift; path = Price.swift; sourceTree = "<group>"; };
		210BE2D7A19A1C4E0EBAC526 /* OrdersViewController.swift */ = {isa = PBXFileReference; fileEncoding = 4; lastKnownFileType = sourcecode.swift; path = OrdersViewController.swift; sourceTree = "<group>"; };
		210BE326EC179776D6CECAD0 /* Channel.swift */ = {isa = PBXFileReference; fileEncoding = 4; lastKnownFileType = sourcecode.swift; path = Channel.swift; sourceTree = "<group>"; };
		210BE332CD12BB27B91DECA0 /* Cart.swift */ = {isa = PBXFileReference; fileEncoding = 4; lastKnownFileType = sourcecode.swift; path = Cart.swift; sourceTree = "<group>"; };
		210BE3F7DD234F1F971FFCFF /* CommonViewBinding.swift */ = {isa = PBXFileReference; fileEncoding = 4; lastKnownFileType = sourcecode.swift; path = CommonViewBinding.swift; sourceTree = "<group>"; };
		210BE43439B05958D1D34363 /* DiscountedLineItemPrice.swift */ = {isa = PBXFileReference; fileEncoding = 4; lastKnownFileType = sourcecode.swift; path = DiscountedLineItemPrice.swift; sourceTree = "<group>"; };
		210BE49252E7EBF7CB02D732 /* ProductViewController.swift */ = {isa = PBXFileReference; fileEncoding = 4; lastKnownFileType = sourcecode.swift; path = ProductViewController.swift; sourceTree = "<group>"; };
		210BE4DC5197090C201025BE /* CartSummaryCell.swift */ = {isa = PBXFileReference; fileEncoding = 4; lastKnownFileType = sourcecode.swift; path = CartSummaryCell.swift; sourceTree = "<group>"; };
		210BE4F6B106A961AF6A65BA /* Order.swift */ = {isa = PBXFileReference; fileEncoding = 4; lastKnownFileType = sourcecode.swift; path = Order.swift; sourceTree = "<group>"; };
		210BE5453FDA40B948A5034D /* CartViewModel.swift */ = {isa = PBXFileReference; fileEncoding = 4; lastKnownFileType = sourcecode.swift; path = CartViewModel.swift; sourceTree = "<group>"; };
		210BE5C13E116669D9FB4BDD /* ProductViewModel.swift */ = {isa = PBXFileReference; fileEncoding = 4; lastKnownFileType = sourcecode.swift; path = ProductViewModel.swift; sourceTree = "<group>"; };
		210BE70101007B36C753F74B /* Changeset.swift */ = {isa = PBXFileReference; fileEncoding = 4; lastKnownFileType = sourcecode.swift; path = Changeset.swift; sourceTree = "<group>"; };
		210BE7B829C74ABD0F54EF6C /* DiscountedLineItemPriceForQuantity.swift */ = {isa = PBXFileReference; fileEncoding = 4; lastKnownFileType = sourcecode.swift; path = DiscountedLineItemPriceForQuantity.swift; sourceTree = "<group>"; };
		210BE81F2AC37E98EA8580EA /* BaseViewModel.swift */ = {isa = PBXFileReference; fileEncoding = 4; lastKnownFileType = sourcecode.swift; path = BaseViewModel.swift; sourceTree = "<group>"; };
		210BE8917F4B6AB6DDA9FFBA /* ScannerViewModel.swift */ = {isa = PBXFileReference; fileEncoding = 4; lastKnownFileType = sourcecode.swift; path = ScannerViewModel.swift; sourceTree = "<group>"; };
		210BE8F057692647AF7F4389 /* ProductOverviewViewModel.swift */ = {isa = PBXFileReference; fileEncoding = 4; lastKnownFileType = sourcecode.swift; path = ProductOverviewViewModel.swift; sourceTree = "<group>"; };
		210BE9B158BE86C70C9F1F47 /* Dictionary+LocalizedString.swift */ = {isa = PBXFileReference; fileEncoding = 4; lastKnownFileType = sourcecode.swift; path = "Dictionary+LocalizedString.swift"; sourceTree = "<group>"; };
		210BEA3ECE9B07C738DC32A3 /* Attribute.swift */ = {isa = PBXFileReference; fileEncoding = 4; lastKnownFileType = sourcecode.swift; path = Attribute.swift; sourceTree = "<group>"; };
		210BEA423D40007AB1E0CA2D /* ProductOverviewViewModelSpec.swift */ = {isa = PBXFileReference; fileEncoding = 4; lastKnownFileType = sourcecode.swift; path = ProductOverviewViewModelSpec.swift; sourceTree = "<group>"; };
		210BEAF8ED81121BF94F2B46 /* ProductVariantAvailability.swift */ = {isa = PBXFileReference; fileEncoding = 4; lastKnownFileType = sourcecode.swift; path = ProductVariantAvailability.swift; sourceTree = "<group>"; };
		210BEB43EB567F74C591D677 /* AppRouting.swift */ = {isa = PBXFileReference; fileEncoding = 4; lastKnownFileType = sourcecode.swift; path = AppRouting.swift; sourceTree = "<group>"; };
		210BEBC1E14062A5443A9545 /* ProductVariant.swift */ = {isa = PBXFileReference; fileEncoding = 4; lastKnownFileType = sourcecode.swift; path = ProductVariant.swift; sourceTree = "<group>"; };
		210BECA9CA2821C630F01AE4 /* OrderOverviewViewModel.swift */ = {isa = PBXFileReference; fileEncoding = 4; lastKnownFileType = sourcecode.swift; path = OrderOverviewViewModel.swift; sourceTree = "<group>"; };
		210BECBFAF7E6B6AA88B89BA /* ScannerViewController.swift */ = {isa = PBXFileReference; fileEncoding = 4; lastKnownFileType = sourcecode.swift; path = ScannerViewController.swift; sourceTree = "<group>"; };
		210BECFF754F592E22066C90 /* SignalProducerUtils.swift */ = {isa = PBXFileReference; fileEncoding = 4; lastKnownFileType = sourcecode.swift; path = SignalProducerUtils.swift; sourceTree = "<group>"; };
		210BED109BD2AE8C554F557C /* Address.swift */ = {isa = PBXFileReference; fileEncoding = 4; lastKnownFileType = sourcecode.swift; path = Address.swift; sourceTree = "<group>"; };
		210BED4859A8F2A367EA4ED1 /* OrdersViewModel.swift */ = {isa = PBXFileReference; fileEncoding = 4; lastKnownFileType = sourcecode.swift; path = OrdersViewModel.swift; sourceTree = "<group>"; };
		210BED6D25FCD9D0EF8A8D0C /* ChannelDetails.swift */ = {isa = PBXFileReference; fileEncoding = 4; lastKnownFileType = sourcecode.swift; path = ChannelDetails.swift; sourceTree = "<group>"; };
		210BEE28435FDC5BFE95DCBA /* TaxedPrice.swift */ = {isa = PBXFileReference; fileEncoding = 4; lastKnownFileType = sourcecode.swift; path = TaxedPrice.swift; sourceTree = "<group>"; };
		210BEEC91A5A9FD1BB6B87A8 /* ProductProjection.swift */ = {isa = PBXFileReference; fileEncoding = 4; lastKnownFileType = sourcecode.swift; path = ProductProjection.swift; sourceTree = "<group>"; };
		210BEF340733DC1B9B2DE4F9 /* NSBundle+CurrentTestBundle.swift */ = {isa = PBXFileReference; fileEncoding = 4; lastKnownFileType = sourcecode.swift; path = "NSBundle+CurrentTestBundle.swift"; sourceTree = "<group>"; };
		210BEF4DF3AD5DCA4B86375B /* Image.swift */ = {isa = PBXFileReference; fileEncoding = 4; lastKnownFileType = sourcecode.swift; path = Image.swift; sourceTree = "<group>"; };
		210BEFDF8893998022F80737 /* OrderOverviewViewController.swift */ = {isa = PBXFileReference; fileEncoding = 4; lastKnownFileType = sourcecode.swift; path = OrderOverviewViewController.swift; sourceTree = "<group>"; };
		211468B11D1F4FF00011A944 /* OrdersHeaderView.swift */ = {isa = PBXFileReference; fileEncoding = 4; lastKnownFileType = sourcecode.swift; path = OrdersHeaderView.swift; sourceTree = "<group>"; };
		211468B31D1F54240011A944 /* OrdersHeaderView.xib */ = {isa = PBXFileReference; fileEncoding = 4; lastKnownFileType = file.xib; path = OrdersHeaderView.xib; sourceTree = "<group>"; };
		211468B51D2088440011A944 /* Cart.storyboard */ = {isa = PBXFileReference; fileEncoding = 4; lastKnownFileType = file.storyboard; path = Cart.storyboard; sourceTree = "<group>"; };
		2147E6601D07860100EB21AE /* SignInViewController.swift */ = {isa = PBXFileReference; fileEncoding = 4; lastKnownFileType = sourcecode.swift; path = SignInViewController.swift; sourceTree = "<group>"; };
		215C4F671CF2836400A99790 /* ProductViewModelSpec.swift */ = {isa = PBXFileReference; fileEncoding = 4; lastKnownFileType = sourcecode.swift; path = ProductViewModelSpec.swift; sourceTree = "<group>"; };
		215C4F691CF286D100A99790 /* product-projection.json */ = {isa = PBXFileReference; fileEncoding = 4; lastKnownFileType = text.json; path = "product-projection.json"; sourceTree = "<group>"; };
		215C7C1F1D79A08C002EC074 /* SelectableAttributeCell.swift */ = {isa = PBXFileReference; fileEncoding = 4; lastKnownFileType = sourcecode.swift; path = SelectableAttributeCell.swift; sourceTree = "<group>"; };
		215C7C211D79A0B4002EC074 /* DisplayedAttributeCell.swift */ = {isa = PBXFileReference; fileEncoding = 4; lastKnownFileType = sourcecode.swift; path = DisplayedAttributeCell.swift; sourceTree = "<group>"; };
		215C7C251D79CE4A002EC074 /* ProductType.swift */ = {isa = PBXFileReference; fileEncoding = 4; lastKnownFileType = sourcecode.swift; path = ProductType.swift; sourceTree = "<group>"; };
		215C7C271D79CEE0002EC074 /* AttributeDefinition.swift */ = {isa = PBXFileReference; fileEncoding = 4; lastKnownFileType = sourcecode.swift; path = AttributeDefinition.swift; sourceTree = "<group>"; };
		215C7C291D79CFDB002EC074 /* AttributeType.swift */ = {isa = PBXFileReference; fileEncoding = 4; lastKnownFileType = sourcecode.swift; path = AttributeType.swift; sourceTree = "<group>"; };
		2161539E1D1AA03B006C9627 /* LaunchScreen.storyboard */ = {isa = PBXFileReference; fileEncoding = 4; lastKnownFileType = file.storyboard; path = LaunchScreen.storyboard; sourceTree = "<group>"; };
		2161539F1D1AA03B006C9627 /* Main.storyboard */ = {isa = PBXFileReference; fileEncoding = 4; lastKnownFileType = file.storyboard; path = Main.storyboard; sourceTree = "<group>"; };
		2168A02A1D1A9F0C00C244D8 /* Account.storyboard */ = {isa = PBXFileReference; fileEncoding = 4; lastKnownFileType = file.storyboard; path = Account.storyboard; sourceTree = "<group>"; };
		217581B51CF4623E0067BE15 /* ProductOverviewCell.swift */ = {isa = PBXFileReference; fileEncoding = 4; lastKnownFileType = sourcecode.swift; path = ProductOverviewCell.swift; sourceTree = "<group>"; };
		217581B71CF4865A0067BE15 /* ProductOverviewViewController.swift */ = {isa = PBXFileReference; fileEncoding = 4; lastKnownFileType = sourcecode.swift; path = ProductOverviewViewController.swift; sourceTree = "<group>"; };
		218988241CED0C78006E7757 /* ProductDetails.storyboard */ = {isa = PBXFileReference; fileEncoding = 4; lastKnownFileType = file.storyboard; path = ProductDetails.storyboard; sourceTree = "<group>"; };
		219B2EBB1D1B7348004579DD /* OrderCell.swift */ = {isa = PBXFileReference; fileEncoding = 4; lastKnownFileType = sourcecode.swift; path = OrderCell.swift; sourceTree = "<group>"; };
		21A30D101D3005300029DB7E /* SunriseTabBarController.swift */ = {isa = PBXFileReference; fileEncoding = 4; lastKnownFileType = sourcecode.swift; path = SunriseTabBarController.swift; sourceTree = "<group>"; };
		21A6B4671D6330DA008BA95C /* ReservationViewController.swift */ = {isa = PBXFileReference; fileEncoding = 4; lastKnownFileType = sourcecode.swift; path = ReservationViewController.swift; sourceTree = "<group>"; };
		21A6B4691D63311E008BA95C /* ReservationViewModel.swift */ = {isa = PBXFileReference; fileEncoding = 4; lastKnownFileType = sourcecode.swift; path = ReservationViewModel.swift; sourceTree = "<group>"; };
		21A6B46B1D6477E0008BA95C /* ReservationViewModelSpec.swift */ = {isa = PBXFileReference; fileEncoding = 4; lastKnownFileType = sourcecode.swift; path = ReservationViewModelSpec.swift; sourceTree = "<group>"; };
		21A6B46D1D647807008BA95C /* reservation.json */ = {isa = PBXFileReference; fileEncoding = 4; lastKnownFileType = text.json; path = reservation.json; sourceTree = "<group>"; };
		21A8EEAA1CEC69AF009A8CEB /* CommercetoolsStagingConfig.plist */ = {isa = PBXFileReference; fileEncoding = 4; lastKnownFileType = text.plist.xml; path = CommercetoolsStagingConfig.plist; sourceTree = "<group>"; };
		21A8EEAC1CEC69BA009A8CEB /* CommercetoolsProdConfig.plist */ = {isa = PBXFileReference; fileEncoding = 4; lastKnownFileType = text.plist.xml; path = CommercetoolsProdConfig.plist; sourceTree = "<group>"; };
		21A9E7091D64BB3300AC3953 /* Customer.swift */ = {isa = PBXFileReference; fileEncoding = 4; lastKnownFileType = sourcecode.swift; path = Customer.swift; sourceTree = "<group>"; };
		21A9E70B1D65FB1B00AC3953 /* Bridging-Header.h */ = {isa = PBXFileReference; lastKnownFileType = sourcecode.c.h; path = "Bridging-Header.h"; sourceTree = "<group>"; };
		21B1D8261CFCAE930005848C /* CartViewController.swift */ = {isa = PBXFileReference; fileEncoding = 4; lastKnownFileType = sourcecode.swift; path = CartViewController.swift; sourceTree = "<group>"; };
		21B900191CFE07C700E053F9 /* CartLineItemCell.swift */ = {isa = PBXFileReference; fileEncoding = 4; lastKnownFileType = sourcecode.swift; path = CartLineItemCell.swift; sourceTree = "<group>"; };
		21BBDC211D34177B00C516FD /* StoreSelectionViewController.swift */ = {isa = PBXFileReference; fileEncoding = 4; lastKnownFileType = sourcecode.swift; path = StoreSelectionViewController.swift; sourceTree = "<group>"; };
		21BBDC231D34199500C516FD /* StoreDetailsCell.swift */ = {isa = PBXFileReference; fileEncoding = 4; lastKnownFileType = sourcecode.swift; path = StoreDetailsCell.swift; sourceTree = "<group>"; };
		21CDC4941CE91D9B009D2638 /* Sunrise.app */ = {isa = PBXFileReference; explicitFileType = wrapper.application; includeInIndex = 0; path = Sunrise.app; sourceTree = BUILT_PRODUCTS_DIR; };
		21CDC4971CE91D9B009D2638 /* AppDelegate.swift */ = {isa = PBXFileReference; fileEncoding = 4; lastKnownFileType = sourcecode.swift; path = AppDelegate.swift; sourceTree = "<group>"; };
		21CDC4A01CE91D9B009D2638 /* Assets.xcassets */ = {isa = PBXFileReference; lastKnownFileType = folder.assetcatalog; path = Assets.xcassets; sourceTree = "<group>"; };
		21CDC4A51CE91D9B009D2638 /* Info.plist */ = {isa = PBXFileReference; lastKnownFileType = text.plist.xml; path = Info.plist; sourceTree = "<group>"; };
		21CDC4AA1CE91D9B009D2638 /* SunriseTests.xctest */ = {isa = PBXFileReference; explicitFileType = wrapper.cfbundle; includeInIndex = 0; path = SunriseTests.xctest; sourceTree = BUILT_PRODUCTS_DIR; };
		21CDC4B01CE91D9B009D2638 /* Info.plist */ = {isa = PBXFileReference; lastKnownFileType = text.plist.xml; path = Info.plist; sourceTree = "<group>"; };
		21CDC4B51CE91D9B009D2638 /* SunriseUITests.xctest */ = {isa = PBXFileReference; explicitFileType = wrapper.cfbundle; includeInIndex = 0; path = SunriseUITests.xctest; sourceTree = BUILT_PRODUCTS_DIR; };
		21CDC4B91CE91D9B009D2638 /* SunriseUITests.swift */ = {isa = PBXFileReference; lastKnownFileType = sourcecode.swift; path = SunriseUITests.swift; sourceTree = "<group>"; };
		21CDC4BB1CE91D9B009D2638 /* Info.plist */ = {isa = PBXFileReference; lastKnownFileType = text.plist.xml; path = Info.plist; sourceTree = "<group>"; };
		21FDB47C1D219B580028DDC9 /* OrdersViewModelSpec.swift */ = {isa = PBXFileReference; fileEncoding = 4; lastKnownFileType = sourcecode.swift; path = OrdersViewModelSpec.swift; sourceTree = "<group>"; };
		3158686D816936EC2245AA76 /* Pods-Sunrise.release staging.xcconfig */ = {isa = PBXFileReference; includeInIndex = 1; lastKnownFileType = text.xcconfig; name = "Pods-Sunrise.release staging.xcconfig"; path = "Pods/Target Support Files/Pods-Sunrise/Pods-Sunrise.release staging.xcconfig"; sourceTree = "<group>"; };
		39AA6BB2954DAE3F04E3F733 /* Pods_SunriseTests.framework */ = {isa = PBXFileReference; explicitFileType = wrapper.framework; includeInIndex = 0; path = Pods_SunriseTests.framework; sourceTree = BUILT_PRODUCTS_DIR; };
		3B6500D5EEF8B2DB01ACAC34 /* Pods-Sunrise.debug staging.xcconfig */ = {isa = PBXFileReference; includeInIndex = 1; lastKnownFileType = text.xcconfig; name = "Pods-Sunrise.debug staging.xcconfig"; path = "Pods/Target Support Files/Pods-Sunrise/Pods-Sunrise.debug staging.xcconfig"; sourceTree = "<group>"; };
		4DE03700D7B2698868A8CE86 /* Pods-SunriseTests.release prod.xcconfig */ = {isa = PBXFileReference; includeInIndex = 1; lastKnownFileType = text.xcconfig; name = "Pods-SunriseTests.release prod.xcconfig"; path = "Pods/Target Support Files/Pods-SunriseTests/Pods-SunriseTests.release prod.xcconfig"; sourceTree = "<group>"; };
		5BE041370A3BD096E67F065F /* Pods-Sunrise.debug prod.xcconfig */ = {isa = PBXFileReference; includeInIndex = 1; lastKnownFileType = text.xcconfig; name = "Pods-Sunrise.debug prod.xcconfig"; path = "Pods/Target Support Files/Pods-Sunrise/Pods-Sunrise.debug prod.xcconfig"; sourceTree = "<group>"; };
		5C6C4F0E0656BF7C533C83AE /* Pods-SunriseUITests.release prod.xcconfig */ = {isa = PBXFileReference; includeInIndex = 1; lastKnownFileType = text.xcconfig; name = "Pods-SunriseUITests.release prod.xcconfig"; path = "Pods/Target Support Files/Pods-SunriseUITests/Pods-SunriseUITests.release prod.xcconfig"; sourceTree = "<group>"; };
		6715A040D50D01AF2917482B /* Pods-SunriseUITests.release staging.xcconfig */ = {isa = PBXFileReference; includeInIndex = 1; lastKnownFileType = text.xcconfig; name = "Pods-SunriseUITests.release staging.xcconfig"; path = "Pods/Target Support Files/Pods-SunriseUITests/Pods-SunriseUITests.release staging.xcconfig"; sourceTree = "<group>"; };
		6B8E12D52C3FC7E6B9174358 /* Pods-Sunrise.release.xcconfig */ = {isa = PBXFileReference; includeInIndex = 1; lastKnownFileType = text.xcconfig; name = "Pods-Sunrise.release.xcconfig"; path = "Pods/Target Support Files/Pods-Sunrise/Pods-Sunrise.release.xcconfig"; sourceTree = "<group>"; };
		75C04D6F02B1AC2F2C0AC1EB /* Pods-SunriseUITests.release.xcconfig */ = {isa = PBXFileReference; includeInIndex = 1; lastKnownFileType = text.xcconfig; name = "Pods-SunriseUITests.release.xcconfig"; path = "Pods/Target Support Files/Pods-SunriseUITests/Pods-SunriseUITests.release.xcconfig"; sourceTree = "<group>"; };
		7A562E52A4EA825B9D79192B /* Pods_SunriseUITests.framework */ = {isa = PBXFileReference; explicitFileType = wrapper.framework; includeInIndex = 0; path = Pods_SunriseUITests.framework; sourceTree = BUILT_PRODUCTS_DIR; };
		8080A3FE3BC2FE4CAC9A3A23 /* Pods-SunriseUITests.debug prod.xcconfig */ = {isa = PBXFileReference; includeInIndex = 1; lastKnownFileType = text.xcconfig; name = "Pods-SunriseUITests.debug prod.xcconfig"; path = "Pods/Target Support Files/Pods-SunriseUITests/Pods-SunriseUITests.debug prod.xcconfig"; sourceTree = "<group>"; };
		8F5E8D230203D5E6313ED72F /* Pods-SunriseTests.release staging.xcconfig */ = {isa = PBXFileReference; includeInIndex = 1; lastKnownFileType = text.xcconfig; name = "Pods-SunriseTests.release staging.xcconfig"; path = "Pods/Target Support Files/Pods-SunriseTests/Pods-SunriseTests.release staging.xcconfig"; sourceTree = "<group>"; };
		8F8E56E096FD3BFA07010301 /* Pods-SunriseTests.debug staging.xcconfig */ = {isa = PBXFileReference; includeInIndex = 1; lastKnownFileType = text.xcconfig; name = "Pods-SunriseTests.debug staging.xcconfig"; path = "Pods/Target Support Files/Pods-SunriseTests/Pods-SunriseTests.debug staging.xcconfig"; sourceTree = "<group>"; };
		9090A8EC74C3609FB1196CB5 /* Pods_Sunrise.framework */ = {isa = PBXFileReference; explicitFileType = wrapper.framework; includeInIndex = 0; path = Pods_Sunrise.framework; sourceTree = BUILT_PRODUCTS_DIR; };
		A8FC8B040717F832768D583E /* Pods-SunriseUITests.debug.xcconfig */ = {isa = PBXFileReference; includeInIndex = 1; lastKnownFileType = text.xcconfig; name = "Pods-SunriseUITests.debug.xcconfig"; path = "Pods/Target Support Files/Pods-SunriseUITests/Pods-SunriseUITests.debug.xcconfig"; sourceTree = "<group>"; };
		A91DC6065974B510D4BD15D2 /* Pods-SunriseTests.debug prod.xcconfig */ = {isa = PBXFileReference; includeInIndex = 1; lastKnownFileType = text.xcconfig; name = "Pods-SunriseTests.debug prod.xcconfig"; path = "Pods/Target Support Files/Pods-SunriseTests/Pods-SunriseTests.debug prod.xcconfig"; sourceTree = "<group>"; };
		E63198A54D318A4B3544D108 /* Pods-SunriseTests.release.xcconfig */ = {isa = PBXFileReference; includeInIndex = 1; lastKnownFileType = text.xcconfig; name = "Pods-SunriseTests.release.xcconfig"; path = "Pods/Target Support Files/Pods-SunriseTests/Pods-SunriseTests.release.xcconfig"; sourceTree = "<group>"; };
		F6C180AA6EF954F701F486C2 /* Pods-SunriseTests.debug.xcconfig */ = {isa = PBXFileReference; includeInIndex = 1; lastKnownFileType = text.xcconfig; name = "Pods-SunriseTests.debug.xcconfig"; path = "Pods/Target Support Files/Pods-SunriseTests/Pods-SunriseTests.debug.xcconfig"; sourceTree = "<group>"; };
/* End PBXFileReference section */

/* Begin PBXFrameworksBuildPhase section */
		21CDC4911CE91D9B009D2638 /* Frameworks */ = {
			isa = PBXFrameworksBuildPhase;
			buildActionMask = 2147483647;
			files = (
				59C0EA28597296088970E5CD /* Pods_Sunrise.framework in Frameworks */,
			);
			runOnlyForDeploymentPostprocessing = 0;
		};
		21CDC4A71CE91D9B009D2638 /* Frameworks */ = {
			isa = PBXFrameworksBuildPhase;
			buildActionMask = 2147483647;
			files = (
				8525A6F02B03D16848DE6E21 /* Pods_SunriseTests.framework in Frameworks */,
			);
			runOnlyForDeploymentPostprocessing = 0;
		};
		21CDC4B21CE91D9B009D2638 /* Frameworks */ = {
			isa = PBXFrameworksBuildPhase;
			buildActionMask = 2147483647;
			files = (
				60AA51A6DFFE7922EA4180E4 /* Pods_SunriseUITests.framework in Frameworks */,
			);
			runOnlyForDeploymentPostprocessing = 0;
		};
/* End PBXFrameworksBuildPhase section */

/* Begin PBXGroup section */
		210BE28B27D82FD9F37A0247 /* TestData */ = {
			isa = PBXGroup;
			children = (
				215C4F691CF286D100A99790 /* product-projection.json */,
				210A5B2A1CFFBEA300217A86 /* cart.json */,
				21A6B46D1D647807008BA95C /* reservation.json */,
			);
			path = TestData;
			sourceTree = "<group>";
		};
		210BE518952AAA46B6CF72A6 /* ViewControllers */ = {
			isa = PBXGroup;
			children = (
				210BE49252E7EBF7CB02D732 /* ProductViewController.swift */,
				217581B71CF4865A0067BE15 /* ProductOverviewViewController.swift */,
				21B1D8261CFCAE930005848C /* CartViewController.swift */,
				210BE3F7DD234F1F971FFCFF /* CommonViewBinding.swift */,
				2147E6601D07860100EB21AE /* SignInViewController.swift */,
				210BE2D7A19A1C4E0EBAC526 /* OrdersViewController.swift */,
				210BECBFAF7E6B6AA88B89BA /* ScannerViewController.swift */,
				210BEFDF8893998022F80737 /* OrderOverviewViewController.swift */,
				21A30D101D3005300029DB7E /* SunriseTabBarController.swift */,
				21BBDC211D34177B00C516FD /* StoreSelectionViewController.swift */,
				21A6B4671D6330DA008BA95C /* ReservationViewController.swift */,
			);
			path = ViewControllers;
			sourceTree = "<group>";
		};
		210BE6DBC2F20C479B441D23 /* ViewModels */ = {
			isa = PBXGroup;
			children = (
				210BE5C13E116669D9FB4BDD /* ProductViewModel.swift */,
				210BE8F057692647AF7F4389 /* ProductOverviewViewModel.swift */,
				210BE5453FDA40B948A5034D /* CartViewModel.swift */,
				210BE81F2AC37E98EA8580EA /* BaseViewModel.swift */,
				210BE09BDDBB63DD98464192 /* SignInViewModel.swift */,
				210BE8917F4B6AB6DDA9FFBA /* ScannerViewModel.swift */,
				210BED4859A8F2A367EA4ED1 /* OrdersViewModel.swift */,
				210BECA9CA2821C630F01AE4 /* OrderOverviewViewModel.swift */,
				2105567D1D3650780036493C /* StoreSelectionViewModel.swift */,
				21A6B4691D63311E008BA95C /* ReservationViewModel.swift */,
			);
			path = ViewModels;
			sourceTree = "<group>";
		};
		210BE6E6C7B8554932C74574 /* View */ = {
			isa = PBXGroup;
			children = (
				211468B11D1F4FF00011A944 /* OrdersHeaderView.swift */,
			);
			path = View;
			sourceTree = "<group>";
		};
		210BE796716A5AD3AC6ABD8C /* Helpers */ = {
			isa = PBXGroup;
			children = (
				210BEF340733DC1B9B2DE4F9 /* NSBundle+CurrentTestBundle.swift */,
			);
			path = Helpers;
			sourceTree = "<group>";
		};
		210BE7C136DD226F8E61C869 /* Storyboard */ = {
			isa = PBXGroup;
			children = (
				2161539E1D1AA03B006C9627 /* LaunchScreen.storyboard */,
				2161539F1D1AA03B006C9627 /* Main.storyboard */,
				211468B51D2088440011A944 /* Cart.storyboard */,
				2168A02A1D1A9F0C00C244D8 /* Account.storyboard */,
				218988241CED0C78006E7757 /* ProductDetails.storyboard */,
				211468B31D1F54240011A944 /* OrdersHeaderView.xib */,
			);
			path = Storyboard;
			sourceTree = "<group>";
		};
		210BE8897C04FAD5205BE6F5 /* Helpers */ = {
			isa = PBXGroup;
			children = (
				210BE9B158BE86C70C9F1F47 /* Dictionary+LocalizedString.swift */,
				210BECFF754F592E22066C90 /* SignalProducerUtils.swift */,
				210BEB43EB567F74C591D677 /* AppRouting.swift */,
				210BE70101007B36C753F74B /* Changeset.swift */,
			);
			path = Helpers;
			sourceTree = "<group>";
		};
		210BEA54EF7C1D10C3ED034E /* ViewModels */ = {
			isa = PBXGroup;
			children = (
				215C4F671CF2836400A99790 /* ProductViewModelSpec.swift */,
				210BEA423D40007AB1E0CA2D /* ProductOverviewViewModelSpec.swift */,
				210A5B281CFFBE8200217A86 /* CartViewModelSpec.swift */,
				21FDB47C1D219B580028DDC9 /* OrdersViewModelSpec.swift */,
				21A6B46B1D6477E0008BA95C /* ReservationViewModelSpec.swift */,
			);
			path = ViewModels;
			sourceTree = "<group>";
		};
		210BEB00FE4F8D1D6542BBD7 /* Channel */ = {
			isa = PBXGroup;
			children = (
				210BE326EC179776D6CECAD0 /* Channel.swift */,
				210BED6D25FCD9D0EF8A8D0C /* ChannelDetails.swift */,
				210BED109BD2AE8C554F557C /* Address.swift */,
			);
			path = Channel;
			sourceTree = "<group>";
		};
		210BEBFD3F441A3D0B6EECC8 /* Cells */ = {
			isa = PBXGroup;
			children = (
				217581B51CF4623E0067BE15 /* ProductOverviewCell.swift */,
				21B900191CFE07C700E053F9 /* CartLineItemCell.swift */,
				210BE4DC5197090C201025BE /* CartSummaryCell.swift */,
				219B2EBB1D1B7348004579DD /* OrderCell.swift */,
				21BBDC231D34199500C516FD /* StoreDetailsCell.swift */,
				2105567F1D36FFA00036493C /* StoreInfoCell.swift */,
				215C7C1F1D79A08C002EC074 /* SelectableAttributeCell.swift */,
				215C7C211D79A0B4002EC074 /* DisplayedAttributeCell.swift */,
			);
			path = Cells;
			sourceTree = "<group>";
		};
		210BED9D841CD9760CFD8F72 /* Models */ = {
			isa = PBXGroup;
			children = (
				210BEEC91A5A9FD1BB6B87A8 /* ProductProjection.swift */,
				210BEBC1E14062A5443A9545 /* ProductVariant.swift */,
				210BEA3ECE9B07C738DC32A3 /* Attribute.swift */,
				210BEF4DF3AD5DCA4B86375B /* Image.swift */,
				210BEAF8ED81121BF94F2B46 /* ProductVariantAvailability.swift */,
				210BE1786F78A2DADF4CE9BB /* Price.swift */,
				210BE0EB8BF3DF720B62490C /* Money.swift */,
				210BE07D571738D36AF37F5B /* DiscountedPrice.swift */,
				210BE332CD12BB27B91DECA0 /* Cart.swift */,
				210BE026DC744F97CD4EDE90 /* LineItem.swift */,
				210BEE28435FDC5BFE95DCBA /* TaxedPrice.swift */,
				210BE7B829C74ABD0F54EF6C /* DiscountedLineItemPriceForQuantity.swift */,
				210BE43439B05958D1D34363 /* DiscountedLineItemPrice.swift */,
				210BE4F6B106A961AF6A65BA /* Order.swift */,
				210BEB00FE4F8D1D6542BBD7 /* Channel */,
				21A9E7091D64BB3300AC3953 /* Customer.swift */,
				215C7C251D79CE4A002EC074 /* ProductType.swift */,
				215C7C271D79CEE0002EC074 /* AttributeDefinition.swift */,
				215C7C291D79CFDB002EC074 /* AttributeType.swift */,
			);
			path = Models;
			sourceTree = "<group>";
		};
		21A8EEA91CEC64C0009A8CEB /* Supporting Files */ = {
			isa = PBXGroup;
			children = (
				21CDC4A51CE91D9B009D2638 /* Info.plist */,
				21A8EEAA1CEC69AF009A8CEB /* CommercetoolsStagingConfig.plist */,
				21A8EEAC1CEC69BA009A8CEB /* CommercetoolsProdConfig.plist */,
				21A9E70B1D65FB1B00AC3953 /* Bridging-Header.h */,
			);
			name = "Supporting Files";
			sourceTree = "<group>";
		};
		21CDC48B1CE91D9B009D2638 = {
			isa = PBXGroup;
			children = (
				21CDC4961CE91D9B009D2638 /* Sunrise */,
				21CDC4AD1CE91D9B009D2638 /* SunriseTests */,
				21CDC4B81CE91D9B009D2638 /* SunriseUITests */,
				21CDC4951CE91D9B009D2638 /* Products */,
				35E540A469E198E7F3ACD078 /* Pods */,
				A5930317FAADB466B9D2E3C1 /* Frameworks */,
			);
			sourceTree = "<group>";
		};
		21CDC4951CE91D9B009D2638 /* Products */ = {
			isa = PBXGroup;
			children = (
				21CDC4941CE91D9B009D2638 /* Sunrise.app */,
				21CDC4AA1CE91D9B009D2638 /* SunriseTests.xctest */,
				21CDC4B51CE91D9B009D2638 /* SunriseUITests.xctest */,
			);
			name = Products;
			sourceTree = "<group>";
		};
		21CDC4961CE91D9B009D2638 /* Sunrise */ = {
			isa = PBXGroup;
			children = (
				21A8EEA91CEC64C0009A8CEB /* Supporting Files */,
				21CDC4971CE91D9B009D2638 /* AppDelegate.swift */,
				21CDC4A01CE91D9B009D2638 /* Assets.xcassets */,
				210BE6DBC2F20C479B441D23 /* ViewModels */,
				210BE518952AAA46B6CF72A6 /* ViewControllers */,
				210BE7C136DD226F8E61C869 /* Storyboard */,
				210BE8897C04FAD5205BE6F5 /* Helpers */,
				210BED9D841CD9760CFD8F72 /* Models */,
				210BEBFD3F441A3D0B6EECC8 /* Cells */,
				210BE6E6C7B8554932C74574 /* View */,
			);
			path = Sunrise;
			sourceTree = "<group>";
		};
		21CDC4AD1CE91D9B009D2638 /* SunriseTests */ = {
			isa = PBXGroup;
			children = (
				21CDC4B01CE91D9B009D2638 /* Info.plist */,
				210BEA54EF7C1D10C3ED034E /* ViewModels */,
				210BE28B27D82FD9F37A0247 /* TestData */,
				210BE796716A5AD3AC6ABD8C /* Helpers */,
			);
			path = SunriseTests;
			sourceTree = "<group>";
		};
		21CDC4B81CE91D9B009D2638 /* SunriseUITests */ = {
			isa = PBXGroup;
			children = (
				21CDC4B91CE91D9B009D2638 /* SunriseUITests.swift */,
				21CDC4BB1CE91D9B009D2638 /* Info.plist */,
			);
			path = SunriseUITests;
			sourceTree = "<group>";
		};
		35E540A469E198E7F3ACD078 /* Pods */ = {
			isa = PBXGroup;
			children = (
				17D1760D1D552D42D0C367DB /* Pods-Sunrise.debug.xcconfig */,
				6B8E12D52C3FC7E6B9174358 /* Pods-Sunrise.release.xcconfig */,
				F6C180AA6EF954F701F486C2 /* Pods-SunriseTests.debug.xcconfig */,
				E63198A54D318A4B3544D108 /* Pods-SunriseTests.release.xcconfig */,
				A8FC8B040717F832768D583E /* Pods-SunriseUITests.debug.xcconfig */,
				75C04D6F02B1AC2F2C0AC1EB /* Pods-SunriseUITests.release.xcconfig */,
				5BE041370A3BD096E67F065F /* Pods-Sunrise.debug prod.xcconfig */,
				3B6500D5EEF8B2DB01ACAC34 /* Pods-Sunrise.debug staging.xcconfig */,
				1FBFF28843B465BB315D9FFC /* Pods-Sunrise.release prod.xcconfig */,
				3158686D816936EC2245AA76 /* Pods-Sunrise.release staging.xcconfig */,
				A91DC6065974B510D4BD15D2 /* Pods-SunriseTests.debug prod.xcconfig */,
				8F8E56E096FD3BFA07010301 /* Pods-SunriseTests.debug staging.xcconfig */,
				4DE03700D7B2698868A8CE86 /* Pods-SunriseTests.release prod.xcconfig */,
				8F5E8D230203D5E6313ED72F /* Pods-SunriseTests.release staging.xcconfig */,
				8080A3FE3BC2FE4CAC9A3A23 /* Pods-SunriseUITests.debug prod.xcconfig */,
				1A4BEC5580C7D7626C6247AC /* Pods-SunriseUITests.debug staging.xcconfig */,
				5C6C4F0E0656BF7C533C83AE /* Pods-SunriseUITests.release prod.xcconfig */,
				6715A040D50D01AF2917482B /* Pods-SunriseUITests.release staging.xcconfig */,
			);
			name = Pods;
			sourceTree = "<group>";
		};
		A5930317FAADB466B9D2E3C1 /* Frameworks */ = {
			isa = PBXGroup;
			children = (
				9090A8EC74C3609FB1196CB5 /* Pods_Sunrise.framework */,
				39AA6BB2954DAE3F04E3F733 /* Pods_SunriseTests.framework */,
				7A562E52A4EA825B9D79192B /* Pods_SunriseUITests.framework */,
			);
			name = Frameworks;
			sourceTree = "<group>";
		};
/* End PBXGroup section */

/* Begin PBXNativeTarget section */
		21CDC4931CE91D9B009D2638 /* Sunrise */ = {
			isa = PBXNativeTarget;
			buildConfigurationList = 21CDC4BE1CE91D9B009D2638 /* Build configuration list for PBXNativeTarget "Sunrise" */;
			buildPhases = (
				2CF7DD2A9C3C70DD19476E06 /* Check Pods Manifest.lock */,
				21CDC4901CE91D9B009D2638 /* Sources */,
				21CDC4911CE91D9B009D2638 /* Frameworks */,
				21CDC4921CE91D9B009D2638 /* Resources */,
				C51C4638AF67D6B89CE5675E /* Embed Pods Frameworks */,
				65B0A653A7509D406E466E72 /* Copy Pods Resources */,
			);
			buildRules = (
			);
			dependencies = (
			);
			name = Sunrise;
			productName = Sunrise;
			productReference = 21CDC4941CE91D9B009D2638 /* Sunrise.app */;
			productType = "com.apple.product-type.application";
		};
		21CDC4A91CE91D9B009D2638 /* SunriseTests */ = {
			isa = PBXNativeTarget;
			buildConfigurationList = 21CDC4C11CE91D9B009D2638 /* Build configuration list for PBXNativeTarget "SunriseTests" */;
			buildPhases = (
				B376E0CF05118F76C327319C /* Check Pods Manifest.lock */,
				21CDC4A61CE91D9B009D2638 /* Sources */,
				21CDC4A71CE91D9B009D2638 /* Frameworks */,
				21CDC4A81CE91D9B009D2638 /* Resources */,
				FEFDCFB8952F3B692E80AF65 /* Embed Pods Frameworks */,
				FA62B30873B9CA8D581F910C /* Copy Pods Resources */,
			);
			buildRules = (
			);
			dependencies = (
				21CDC4AC1CE91D9B009D2638 /* PBXTargetDependency */,
			);
			name = SunriseTests;
			productName = SunriseTests;
			productReference = 21CDC4AA1CE91D9B009D2638 /* SunriseTests.xctest */;
			productType = "com.apple.product-type.bundle.unit-test";
		};
		21CDC4B41CE91D9B009D2638 /* SunriseUITests */ = {
			isa = PBXNativeTarget;
			buildConfigurationList = 21CDC4C41CE91D9B009D2638 /* Build configuration list for PBXNativeTarget "SunriseUITests" */;
			buildPhases = (
				FF64BBFEEB8C34F3C2743D4D /* Check Pods Manifest.lock */,
				21CDC4B11CE91D9B009D2638 /* Sources */,
				21CDC4B21CE91D9B009D2638 /* Frameworks */,
				21CDC4B31CE91D9B009D2638 /* Resources */,
				68B0478F9AD978C779595ABF /* Copy Pods Resources */,
			);
			buildRules = (
			);
			dependencies = (
				21CDC4B71CE91D9B009D2638 /* PBXTargetDependency */,
			);
			name = SunriseUITests;
			productName = SunriseUITests;
			productReference = 21CDC4B51CE91D9B009D2638 /* SunriseUITests.xctest */;
			productType = "com.apple.product-type.bundle.ui-testing";
		};
/* End PBXNativeTarget section */

/* Begin PBXProject section */
		21CDC48C1CE91D9B009D2638 /* Project object */ = {
			isa = PBXProject;
			attributes = {
				LastSwiftUpdateCheck = 0730;
				LastUpgradeCheck = 0730;
				ORGANIZATIONNAME = Commercetools;
				TargetAttributes = {
					21CDC4931CE91D9B009D2638 = {
						CreatedOnToolsVersion = 7.3.1;
						SystemCapabilities = {
							com.apple.Push = {
								enabled = 1;
							};
						};
					};
					21CDC4A91CE91D9B009D2638 = {
						CreatedOnToolsVersion = 7.3.1;
						TestTargetID = 21CDC4931CE91D9B009D2638;
					};
					21CDC4B41CE91D9B009D2638 = {
						CreatedOnToolsVersion = 7.3.1;
						TestTargetID = 21CDC4931CE91D9B009D2638;
					};
				};
			};
			buildConfigurationList = 21CDC48F1CE91D9B009D2638 /* Build configuration list for PBXProject "Sunrise" */;
			compatibilityVersion = "Xcode 3.2";
			developmentRegion = English;
			hasScannedForEncodings = 0;
			knownRegions = (
				en,
				Base,
			);
			mainGroup = 21CDC48B1CE91D9B009D2638;
			productRefGroup = 21CDC4951CE91D9B009D2638 /* Products */;
			projectDirPath = "";
			projectRoot = "";
			targets = (
				21CDC4931CE91D9B009D2638 /* Sunrise */,
				21CDC4A91CE91D9B009D2638 /* SunriseTests */,
				21CDC4B41CE91D9B009D2638 /* SunriseUITests */,
			);
		};
/* End PBXProject section */

/* Begin PBXResourcesBuildPhase section */
		21CDC4921CE91D9B009D2638 /* Resources */ = {
			isa = PBXResourcesBuildPhase;
			buildActionMask = 2147483647;
			files = (
				211468B41D1F54240011A944 /* OrdersHeaderView.xib in Resources */,
				211468B61D2088440011A944 /* Cart.storyboard in Resources */,
				216153A11D1AA03B006C9627 /* Main.storyboard in Resources */,
				21CDC4A11CE91D9B009D2638 /* Assets.xcassets in Resources */,
				21A8EEAD1CEC69BA009A8CEB /* CommercetoolsProdConfig.plist in Resources */,
				21A8EEAB1CEC69AF009A8CEB /* CommercetoolsStagingConfig.plist in Resources */,
				216153A01D1AA03B006C9627 /* LaunchScreen.storyboard in Resources */,
				2168A02B1D1A9F0C00C244D8 /* Account.storyboard in Resources */,
				218988251CED0C78006E7757 /* ProductDetails.storyboard in Resources */,
			);
			runOnlyForDeploymentPostprocessing = 0;
		};
		21CDC4A81CE91D9B009D2638 /* Resources */ = {
			isa = PBXResourcesBuildPhase;
			buildActionMask = 2147483647;
			files = (
				21A6B46E1D647807008BA95C /* reservation.json in Resources */,
				215C4F6A1CF286D100A99790 /* product-projection.json in Resources */,
				210A5B2B1CFFBEA300217A86 /* cart.json in Resources */,
			);
			runOnlyForDeploymentPostprocessing = 0;
		};
		21CDC4B31CE91D9B009D2638 /* Resources */ = {
			isa = PBXResourcesBuildPhase;
			buildActionMask = 2147483647;
			files = (
			);
			runOnlyForDeploymentPostprocessing = 0;
		};
/* End PBXResourcesBuildPhase section */

/* Begin PBXShellScriptBuildPhase section */
		2CF7DD2A9C3C70DD19476E06 /* Check Pods Manifest.lock */ = {
			isa = PBXShellScriptBuildPhase;
			buildActionMask = 2147483647;
			files = (
			);
			inputPaths = (
			);
			name = "Check Pods Manifest.lock";
			outputPaths = (
			);
			runOnlyForDeploymentPostprocessing = 0;
			shellPath = /bin/sh;
			shellScript = "diff \"${PODS_ROOT}/../Podfile.lock\" \"${PODS_ROOT}/Manifest.lock\" > /dev/null\nif [[ $? != 0 ]] ; then\n    cat << EOM\nerror: The sandbox is not in sync with the Podfile.lock. Run 'pod install' or update your CocoaPods installation.\nEOM\n    exit 1\nfi\n";
			showEnvVarsInLog = 0;
		};
		65B0A653A7509D406E466E72 /* Copy Pods Resources */ = {
			isa = PBXShellScriptBuildPhase;
			buildActionMask = 2147483647;
			files = (
			);
			inputPaths = (
			);
			name = "Copy Pods Resources";
			outputPaths = (
			);
			runOnlyForDeploymentPostprocessing = 0;
			shellPath = /bin/sh;
			shellScript = "\"${SRCROOT}/Pods/Target Support Files/Pods-Sunrise/Pods-Sunrise-resources.sh\"\n";
			showEnvVarsInLog = 0;
		};
		68B0478F9AD978C779595ABF /* Copy Pods Resources */ = {
			isa = PBXShellScriptBuildPhase;
			buildActionMask = 2147483647;
			files = (
			);
			inputPaths = (
			);
			name = "Copy Pods Resources";
			outputPaths = (
			);
			runOnlyForDeploymentPostprocessing = 0;
			shellPath = /bin/sh;
			shellScript = "\"${SRCROOT}/Pods/Target Support Files/Pods-SunriseUITests/Pods-SunriseUITests-resources.sh\"\n";
			showEnvVarsInLog = 0;
		};
		B376E0CF05118F76C327319C /* Check Pods Manifest.lock */ = {
			isa = PBXShellScriptBuildPhase;
			buildActionMask = 2147483647;
			files = (
			);
			inputPaths = (
			);
			name = "Check Pods Manifest.lock";
			outputPaths = (
			);
			runOnlyForDeploymentPostprocessing = 0;
			shellPath = /bin/sh;
			shellScript = "diff \"${PODS_ROOT}/../Podfile.lock\" \"${PODS_ROOT}/Manifest.lock\" > /dev/null\nif [[ $? != 0 ]] ; then\n    cat << EOM\nerror: The sandbox is not in sync with the Podfile.lock. Run 'pod install' or update your CocoaPods installation.\nEOM\n    exit 1\nfi\n";
			showEnvVarsInLog = 0;
		};
		C51C4638AF67D6B89CE5675E /* Embed Pods Frameworks */ = {
			isa = PBXShellScriptBuildPhase;
			buildActionMask = 2147483647;
			files = (
			);
			inputPaths = (
			);
			name = "Embed Pods Frameworks";
			outputPaths = (
			);
			runOnlyForDeploymentPostprocessing = 0;
			shellPath = /bin/sh;
			shellScript = "\"${SRCROOT}/Pods/Target Support Files/Pods-Sunrise/Pods-Sunrise-frameworks.sh\"\n";
			showEnvVarsInLog = 0;
		};
		FA62B30873B9CA8D581F910C /* Copy Pods Resources */ = {
			isa = PBXShellScriptBuildPhase;
			buildActionMask = 2147483647;
			files = (
			);
			inputPaths = (
			);
			name = "Copy Pods Resources";
			outputPaths = (
			);
			runOnlyForDeploymentPostprocessing = 0;
			shellPath = /bin/sh;
			shellScript = "\"${SRCROOT}/Pods/Target Support Files/Pods-SunriseTests/Pods-SunriseTests-resources.sh\"\n";
			showEnvVarsInLog = 0;
		};
		FEFDCFB8952F3B692E80AF65 /* Embed Pods Frameworks */ = {
			isa = PBXShellScriptBuildPhase;
			buildActionMask = 2147483647;
			files = (
			);
			inputPaths = (
			);
			name = "Embed Pods Frameworks";
			outputPaths = (
			);
			runOnlyForDeploymentPostprocessing = 0;
			shellPath = /bin/sh;
			shellScript = "\"${SRCROOT}/Pods/Target Support Files/Pods-SunriseTests/Pods-SunriseTests-frameworks.sh\"\n";
			showEnvVarsInLog = 0;
		};
		FF64BBFEEB8C34F3C2743D4D /* Check Pods Manifest.lock */ = {
			isa = PBXShellScriptBuildPhase;
			buildActionMask = 2147483647;
			files = (
			);
			inputPaths = (
			);
			name = "Check Pods Manifest.lock";
			outputPaths = (
			);
			runOnlyForDeploymentPostprocessing = 0;
			shellPath = /bin/sh;
			shellScript = "diff \"${PODS_ROOT}/../Podfile.lock\" \"${PODS_ROOT}/Manifest.lock\" > /dev/null\nif [[ $? != 0 ]] ; then\n    cat << EOM\nerror: The sandbox is not in sync with the Podfile.lock. Run 'pod install' or update your CocoaPods installation.\nEOM\n    exit 1\nfi\n";
			showEnvVarsInLog = 0;
		};
/* End PBXShellScriptBuildPhase section */

/* Begin PBXSourcesBuildPhase section */
		21CDC4901CE91D9B009D2638 /* Sources */ = {
			isa = PBXSourcesBuildPhase;
			buildActionMask = 2147483647;
			files = (
				2147E6611D07860100EB21AE /* SignInViewController.swift in Sources */,
				21A9E70A1D64BB3300AC3953 /* Customer.swift in Sources */,
				210556801D36FFA00036493C /* StoreInfoCell.swift in Sources */,
				21CDC4981CE91D9B009D2638 /* AppDelegate.swift in Sources */,
				210BE90F7DFDB4A06F882E59 /* ProductViewController.swift in Sources */,
				210BE50562A2F0BF23779C61 /* ProductViewModel.swift in Sources */,
				21A30D111D3005300029DB7E /* SunriseTabBarController.swift in Sources */,
				211468B21D1F4FF00011A944 /* OrdersHeaderView.swift in Sources */,
				210BEEE397C180AA40D0724D /* Dictionary+LocalizedString.swift in Sources */,
				215C7C221D79A0B4002EC074 /* DisplayedAttributeCell.swift in Sources */,
				210BECAE13938A21A393C37E /* ProductProjection.swift in Sources */,
				210BE2894AA5A6183C744542 /* ProductVariant.swift in Sources */,
				215C7C281D79CEE0002EC074 /* AttributeDefinition.swift in Sources */,
				21BBDC221D34177B00C516FD /* StoreSelectionViewController.swift in Sources */,
				217581B61CF4623E0067BE15 /* ProductOverviewCell.swift in Sources */,
				21A6B4681D6330DA008BA95C /* ReservationViewController.swift in Sources */,
				217581B81CF4865A0067BE15 /* ProductOverviewViewController.swift in Sources */,
				210BE102F5839C5029CAFEC5 /* Attribute.swift in Sources */,
				210BE8BFECC821239614E8C9 /* Image.swift in Sources */,
				210BE7B8019E23DB879AAE1B /* ProductVariantAvailability.swift in Sources */,
				210BE782A076C8D447413714 /* Price.swift in Sources */,
				210BE4394C6695E42872FBE3 /* Money.swift in Sources */,
				215C7C201D79A08C002EC074 /* SelectableAttributeCell.swift in Sources */,
				21B1D8271CFCAE930005848C /* CartViewController.swift in Sources */,
				21B9001A1CFE07C700E053F9 /* CartLineItemCell.swift in Sources */,
				210BEEFB2F4B848FD02FC2E6 /* DiscountedPrice.swift in Sources */,
				210BEDB86468757333A2BF3D /* SignalProducerUtils.swift in Sources */,
				210BE7EECFC21F818CB3FE8F /* ProductOverviewViewModel.swift in Sources */,
				215C7C2A1D79CFDB002EC074 /* AttributeType.swift in Sources */,
				210BE4A88E151313C428184E /* CartViewModel.swift in Sources */,
				219B2EBC1D1B7348004579DD /* OrderCell.swift in Sources */,
				215C7C261D79CE4A002EC074 /* ProductType.swift in Sources */,
				210BEA1E54411B936F8EFC3B /* Cart.swift in Sources */,
				210BE64C6B6B25F09F3FD20D /* LineItem.swift in Sources */,
				210BE1FC59FA761E46E72C64 /* CommonViewBinding.swift in Sources */,
				210BE5531A46D49DC5FC045F /* BaseViewModel.swift in Sources */,
				210BE3FDCF3E7FD1AD829994 /* CartSummaryCell.swift in Sources */,
				21BBDC241D34199500C516FD /* StoreDetailsCell.swift in Sources */,
				210BE32ED9DFF61C4B4097B6 /* TaxedPrice.swift in Sources */,
				21A6B46A1D63311E008BA95C /* ReservationViewModel.swift in Sources */,
				210BE2199317FF50F41799C3 /* DiscountedLineItemPriceForQuantity.swift in Sources */,
				210BEE156F121F695E9A9063 /* DiscountedLineItemPrice.swift in Sources */,
				210BE6B5006B9DD2CC047578 /* SignInViewModel.swift in Sources */,
				210BE8603FFDCB26D5443788 /* AppRouting.swift in Sources */,
				2105567E1D3650780036493C /* StoreSelectionViewModel.swift in Sources */,
				210BEDE4529CF8A86AA49D69 /* OrdersViewController.swift in Sources */,
				210BE24589543CA1E27301B4 /* ScannerViewController.swift in Sources */,
				210BEBCB6460A6C110A6DF66 /* ScannerViewModel.swift in Sources */,
				210BEA81E77949DA5C0DE293 /* OrdersViewModel.swift in Sources */,
				210BE0B158DD1E5EF40FFB7C /* Order.swift in Sources */,
				210BE7E5E4522D03EF0BB7B8 /* Changeset.swift in Sources */,
				210BEE95348FD2AEEE13490D /* OrderOverviewViewModel.swift in Sources */,
				210BED60B9D7ED7035A347E4 /* OrderOverviewViewController.swift in Sources */,
				210BE67B374D7D5130EDEF04 /* Channel.swift in Sources */,
				210BEE03C12658588435D231 /* ChannelDetails.swift in Sources */,
				210BEC05778D093F80933C80 /* Address.swift in Sources */,
			);
			runOnlyForDeploymentPostprocessing = 0;
		};
		21CDC4A61CE91D9B009D2638 /* Sources */ = {
			isa = PBXSourcesBuildPhase;
			buildActionMask = 2147483647;
			files = (
				215C4F6B1CF28CC600A99790 /* NSBundle+CurrentTestBundle.swift in Sources */,
				21C637821CF730380079945A /* ProductOverviewViewModelSpec.swift in Sources */,
				215C4F681CF2836400A99790 /* ProductViewModelSpec.swift in Sources */,
				21FDB47D1D219B580028DDC9 /* OrdersViewModelSpec.swift in Sources */,
				21A6B46C1D6477E0008BA95C /* ReservationViewModelSpec.swift in Sources */,
				210A5B291CFFBE8200217A86 /* CartViewModelSpec.swift in Sources */,
			);
			runOnlyForDeploymentPostprocessing = 0;
		};
		21CDC4B11CE91D9B009D2638 /* Sources */ = {
			isa = PBXSourcesBuildPhase;
			buildActionMask = 2147483647;
			files = (
				215C4F6C1CF28CC900A99790 /* NSBundle+CurrentTestBundle.swift in Sources */,
				21CDC4BA1CE91D9B009D2638 /* SunriseUITests.swift in Sources */,
			);
			runOnlyForDeploymentPostprocessing = 0;
		};
/* End PBXSourcesBuildPhase section */

/* Begin PBXTargetDependency section */
		21CDC4AC1CE91D9B009D2638 /* PBXTargetDependency */ = {
			isa = PBXTargetDependency;
			target = 21CDC4931CE91D9B009D2638 /* Sunrise */;
			targetProxy = 21CDC4AB1CE91D9B009D2638 /* PBXContainerItemProxy */;
		};
		21CDC4B71CE91D9B009D2638 /* PBXTargetDependency */ = {
			isa = PBXTargetDependency;
			target = 21CDC4931CE91D9B009D2638 /* Sunrise */;
			targetProxy = 21CDC4B61CE91D9B009D2638 /* PBXContainerItemProxy */;
		};
/* End PBXTargetDependency section */

/* Begin XCBuildConfiguration section */
		21A8EEA11CEC614C009A8CEB /* Debug Staging */ = {
			isa = XCBuildConfiguration;
			buildSettings = {
				ALWAYS_SEARCH_USER_PATHS = NO;
				CLANG_ANALYZER_NONNULL = YES;
				CLANG_CXX_LANGUAGE_STANDARD = "gnu++0x";
				CLANG_CXX_LIBRARY = "libc++";
				CLANG_ENABLE_MODULES = YES;
				CLANG_ENABLE_OBJC_ARC = YES;
				CLANG_WARN_BOOL_CONVERSION = YES;
				CLANG_WARN_CONSTANT_CONVERSION = YES;
				CLANG_WARN_DIRECT_OBJC_ISA_USAGE = YES_ERROR;
				CLANG_WARN_EMPTY_BODY = YES;
				CLANG_WARN_ENUM_CONVERSION = YES;
				CLANG_WARN_INT_CONVERSION = YES;
				CLANG_WARN_OBJC_ROOT_CLASS = YES_ERROR;
				CLANG_WARN_UNREACHABLE_CODE = YES;
				CLANG_WARN__DUPLICATE_METHOD_MATCH = YES;
				"CODE_SIGN_IDENTITY[sdk=iphoneos*]" = "iPhone Developer";
				COPY_PHASE_STRIP = NO;
				DEBUG_INFORMATION_FORMAT = dwarf;
				ENABLE_STRICT_OBJC_MSGSEND = YES;
				ENABLE_TESTABILITY = YES;
				GCC_C_LANGUAGE_STANDARD = gnu99;
				GCC_DYNAMIC_NO_PIC = NO;
				GCC_NO_COMMON_BLOCKS = YES;
				GCC_OPTIMIZATION_LEVEL = 0;
				GCC_PREPROCESSOR_DEFINITIONS = (
					"DEBUG=1",
					"STAGING=1",
					"$(inherited)",
				);
				GCC_WARN_64_TO_32_BIT_CONVERSION = YES;
				GCC_WARN_ABOUT_RETURN_TYPE = YES_ERROR;
				GCC_WARN_UNDECLARED_SELECTOR = YES;
				GCC_WARN_UNINITIALIZED_AUTOS = YES_AGGRESSIVE;
				GCC_WARN_UNUSED_FUNCTION = YES;
				GCC_WARN_UNUSED_VARIABLE = YES;
				IPHONEOS_DEPLOYMENT_TARGET = 9.3;
				MTL_ENABLE_DEBUG_INFO = YES;
				ONLY_ACTIVE_ARCH = YES;
				OTHER_SWIFT_FLAGS = "-D STAGING";
				SDKROOT = iphoneos;
				SWIFT_OBJC_BRIDGING_HEADER = "";
				SWIFT_OPTIMIZATION_LEVEL = "-Onone";
			};
			name = "Debug Staging";
		};
		21A8EEA21CEC614C009A8CEB /* Debug Staging */ = {
			isa = XCBuildConfiguration;
			baseConfigurationReference = 3B6500D5EEF8B2DB01ACAC34 /* Pods-Sunrise.debug staging.xcconfig */;
			buildSettings = {
				ASSETCATALOG_COMPILER_APPICON_NAME = AppIcon;
				CODE_SIGN_IDENTITY = "iPhone Developer";
				"CODE_SIGN_IDENTITY[sdk=iphoneos*]" = "iPhone Developer";
				INFOPLIST_FILE = Sunrise/Info.plist;
				IPHONEOS_DEPLOYMENT_TARGET = 9.0;
				LD_RUNPATH_SEARCH_PATHS = "$(inherited) @executable_path/Frameworks";
				PRODUCT_BUNDLE_IDENTIFIER = com.commercetools.Sunrise;
				PRODUCT_NAME = "$(TARGET_NAME)";
				PROVISIONING_PROFILE = "";
				SWIFT_OBJC_BRIDGING_HEADER = "Sunrise/Bridging-Header.h";
			};
			name = "Debug Staging";
		};
		21A8EEA31CEC614C009A8CEB /* Debug Staging */ = {
			isa = XCBuildConfiguration;
			baseConfigurationReference = 8F8E56E096FD3BFA07010301 /* Pods-SunriseTests.debug staging.xcconfig */;
			buildSettings = {
				BUNDLE_LOADER = "$(TEST_HOST)";
				INFOPLIST_FILE = SunriseTests/Info.plist;
				LD_RUNPATH_SEARCH_PATHS = "$(inherited) @executable_path/Frameworks @loader_path/Frameworks";
				PRODUCT_BUNDLE_IDENTIFIER = com.commercetools.sunrise.SunriseTests;
				PRODUCT_NAME = "$(TARGET_NAME)";
				TEST_HOST = "$(BUILT_PRODUCTS_DIR)/Sunrise.app/Sunrise";
			};
			name = "Debug Staging";
		};
		21A8EEA41CEC614C009A8CEB /* Debug Staging */ = {
			isa = XCBuildConfiguration;
			baseConfigurationReference = 1A4BEC5580C7D7626C6247AC /* Pods-SunriseUITests.debug staging.xcconfig */;
			buildSettings = {
				INFOPLIST_FILE = SunriseUITests/Info.plist;
				LD_RUNPATH_SEARCH_PATHS = "$(inherited) @executable_path/Frameworks @loader_path/Frameworks";
				PRODUCT_BUNDLE_IDENTIFIER = com.commercetools.sunrise.SunriseUITests;
				PRODUCT_NAME = "$(TARGET_NAME)";
				TEST_TARGET_NAME = Sunrise;
			};
			name = "Debug Staging";
		};
		21A8EEA51CEC615A009A8CEB /* Release Staging */ = {
			isa = XCBuildConfiguration;
			buildSettings = {
				ALWAYS_SEARCH_USER_PATHS = NO;
				CLANG_ANALYZER_NONNULL = YES;
				CLANG_CXX_LANGUAGE_STANDARD = "gnu++0x";
				CLANG_CXX_LIBRARY = "libc++";
				CLANG_ENABLE_MODULES = YES;
				CLANG_ENABLE_OBJC_ARC = YES;
				CLANG_WARN_BOOL_CONVERSION = YES;
				CLANG_WARN_CONSTANT_CONVERSION = YES;
				CLANG_WARN_DIRECT_OBJC_ISA_USAGE = YES_ERROR;
				CLANG_WARN_EMPTY_BODY = YES;
				CLANG_WARN_ENUM_CONVERSION = YES;
				CLANG_WARN_INT_CONVERSION = YES;
				CLANG_WARN_OBJC_ROOT_CLASS = YES_ERROR;
				CLANG_WARN_UNREACHABLE_CODE = YES;
				CLANG_WARN__DUPLICATE_METHOD_MATCH = YES;
				"CODE_SIGN_IDENTITY[sdk=iphoneos*]" = "iPhone Developer";
				COPY_PHASE_STRIP = NO;
				DEBUG_INFORMATION_FORMAT = "dwarf-with-dsym";
				ENABLE_NS_ASSERTIONS = NO;
				ENABLE_STRICT_OBJC_MSGSEND = YES;
				GCC_C_LANGUAGE_STANDARD = gnu99;
				GCC_NO_COMMON_BLOCKS = YES;
				GCC_PREPROCESSOR_DEFINITIONS = "STAGING=1";
				GCC_WARN_64_TO_32_BIT_CONVERSION = YES;
				GCC_WARN_ABOUT_RETURN_TYPE = YES_ERROR;
				GCC_WARN_UNDECLARED_SELECTOR = YES;
				GCC_WARN_UNINITIALIZED_AUTOS = YES_AGGRESSIVE;
				GCC_WARN_UNUSED_FUNCTION = YES;
				GCC_WARN_UNUSED_VARIABLE = YES;
				IPHONEOS_DEPLOYMENT_TARGET = 9.3;
				MTL_ENABLE_DEBUG_INFO = NO;
				OTHER_SWIFT_FLAGS = "-D STAGING";
				SDKROOT = iphoneos;
				SWIFT_OBJC_BRIDGING_HEADER = "";
				VALIDATE_PRODUCT = YES;
			};
			name = "Release Staging";
		};
		21A8EEA61CEC615A009A8CEB /* Release Staging */ = {
			isa = XCBuildConfiguration;
			baseConfigurationReference = 3158686D816936EC2245AA76 /* Pods-Sunrise.release staging.xcconfig */;
			buildSettings = {
				ASSETCATALOG_COMPILER_APPICON_NAME = AppIcon;
				CODE_SIGN_IDENTITY = "iPhone Developer";
				"CODE_SIGN_IDENTITY[sdk=iphoneos*]" = "iPhone Developer";
				INFOPLIST_FILE = Sunrise/Info.plist;
				IPHONEOS_DEPLOYMENT_TARGET = 9.0;
				LD_RUNPATH_SEARCH_PATHS = "$(inherited) @executable_path/Frameworks";
				PRODUCT_BUNDLE_IDENTIFIER = com.commercetools.Sunrise;
				PRODUCT_NAME = "$(TARGET_NAME)";
				PROVISIONING_PROFILE = "";
				SWIFT_OBJC_BRIDGING_HEADER = "Sunrise/Bridging-Header.h";
			};
			name = "Release Staging";
		};
		21A8EEA71CEC615A009A8CEB /* Release Staging */ = {
			isa = XCBuildConfiguration;
			baseConfigurationReference = 8F5E8D230203D5E6313ED72F /* Pods-SunriseTests.release staging.xcconfig */;
			buildSettings = {
				BUNDLE_LOADER = "$(TEST_HOST)";
				INFOPLIST_FILE = SunriseTests/Info.plist;
				LD_RUNPATH_SEARCH_PATHS = "$(inherited) @executable_path/Frameworks @loader_path/Frameworks";
				PRODUCT_BUNDLE_IDENTIFIER = com.commercetools.sunrise.SunriseTests;
				PRODUCT_NAME = "$(TARGET_NAME)";
				TEST_HOST = "$(BUILT_PRODUCTS_DIR)/Sunrise.app/Sunrise";
			};
			name = "Release Staging";
		};
		21A8EEA81CEC615A009A8CEB /* Release Staging */ = {
			isa = XCBuildConfiguration;
			baseConfigurationReference = 6715A040D50D01AF2917482B /* Pods-SunriseUITests.release staging.xcconfig */;
			buildSettings = {
				INFOPLIST_FILE = SunriseUITests/Info.plist;
				LD_RUNPATH_SEARCH_PATHS = "$(inherited) @executable_path/Frameworks @loader_path/Frameworks";
				PRODUCT_BUNDLE_IDENTIFIER = com.commercetools.sunrise.SunriseUITests;
				PRODUCT_NAME = "$(TARGET_NAME)";
				TEST_TARGET_NAME = Sunrise;
			};
			name = "Release Staging";
		};
		21CDC4BC1CE91D9B009D2638 /* Debug Prod */ = {
			isa = XCBuildConfiguration;
			buildSettings = {
				ALWAYS_SEARCH_USER_PATHS = NO;
				CLANG_ANALYZER_NONNULL = YES;
				CLANG_CXX_LANGUAGE_STANDARD = "gnu++0x";
				CLANG_CXX_LIBRARY = "libc++";
				CLANG_ENABLE_MODULES = YES;
				CLANG_ENABLE_OBJC_ARC = YES;
				CLANG_WARN_BOOL_CONVERSION = YES;
				CLANG_WARN_CONSTANT_CONVERSION = YES;
				CLANG_WARN_DIRECT_OBJC_ISA_USAGE = YES_ERROR;
				CLANG_WARN_EMPTY_BODY = YES;
				CLANG_WARN_ENUM_CONVERSION = YES;
				CLANG_WARN_INT_CONVERSION = YES;
				CLANG_WARN_OBJC_ROOT_CLASS = YES_ERROR;
				CLANG_WARN_UNREACHABLE_CODE = YES;
				CLANG_WARN__DUPLICATE_METHOD_MATCH = YES;
				"CODE_SIGN_IDENTITY[sdk=iphoneos*]" = "iPhone Developer";
				COPY_PHASE_STRIP = NO;
				DEBUG_INFORMATION_FORMAT = dwarf;
				ENABLE_STRICT_OBJC_MSGSEND = YES;
				ENABLE_TESTABILITY = YES;
				GCC_C_LANGUAGE_STANDARD = gnu99;
				GCC_DYNAMIC_NO_PIC = NO;
				GCC_NO_COMMON_BLOCKS = YES;
				GCC_OPTIMIZATION_LEVEL = 0;
				GCC_PREPROCESSOR_DEFINITIONS = (
					"DEBUG=1",
					"PROD=1",
					"$(inherited)",
				);
				GCC_WARN_64_TO_32_BIT_CONVERSION = YES;
				GCC_WARN_ABOUT_RETURN_TYPE = YES_ERROR;
				GCC_WARN_UNDECLARED_SELECTOR = YES;
				GCC_WARN_UNINITIALIZED_AUTOS = YES_AGGRESSIVE;
				GCC_WARN_UNUSED_FUNCTION = YES;
				GCC_WARN_UNUSED_VARIABLE = YES;
				IPHONEOS_DEPLOYMENT_TARGET = 9.3;
				MTL_ENABLE_DEBUG_INFO = YES;
				ONLY_ACTIVE_ARCH = YES;
				OTHER_SWIFT_FLAGS = "-D PROD";
				SDKROOT = iphoneos;
				SWIFT_OBJC_BRIDGING_HEADER = "";
				SWIFT_OPTIMIZATION_LEVEL = "-Onone";
			};
			name = "Debug Prod";
		};
		21CDC4BD1CE91D9B009D2638 /* Release Prod */ = {
			isa = XCBuildConfiguration;
			buildSettings = {
				ALWAYS_SEARCH_USER_PATHS = NO;
				CLANG_ANALYZER_NONNULL = YES;
				CLANG_CXX_LANGUAGE_STANDARD = "gnu++0x";
				CLANG_CXX_LIBRARY = "libc++";
				CLANG_ENABLE_MODULES = YES;
				CLANG_ENABLE_OBJC_ARC = YES;
				CLANG_WARN_BOOL_CONVERSION = YES;
				CLANG_WARN_CONSTANT_CONVERSION = YES;
				CLANG_WARN_DIRECT_OBJC_ISA_USAGE = YES_ERROR;
				CLANG_WARN_EMPTY_BODY = YES;
				CLANG_WARN_ENUM_CONVERSION = YES;
				CLANG_WARN_INT_CONVERSION = YES;
				CLANG_WARN_OBJC_ROOT_CLASS = YES_ERROR;
				CLANG_WARN_UNREACHABLE_CODE = YES;
				CLANG_WARN__DUPLICATE_METHOD_MATCH = YES;
				"CODE_SIGN_IDENTITY[sdk=iphoneos*]" = "iPhone Developer";
				COPY_PHASE_STRIP = NO;
				DEBUG_INFORMATION_FORMAT = "dwarf-with-dsym";
				ENABLE_NS_ASSERTIONS = NO;
				ENABLE_STRICT_OBJC_MSGSEND = YES;
				GCC_C_LANGUAGE_STANDARD = gnu99;
				GCC_NO_COMMON_BLOCKS = YES;
				GCC_PREPROCESSOR_DEFINITIONS = "PROD=1";
				GCC_WARN_64_TO_32_BIT_CONVERSION = YES;
				GCC_WARN_ABOUT_RETURN_TYPE = YES_ERROR;
				GCC_WARN_UNDECLARED_SELECTOR = YES;
				GCC_WARN_UNINITIALIZED_AUTOS = YES_AGGRESSIVE;
				GCC_WARN_UNUSED_FUNCTION = YES;
				GCC_WARN_UNUSED_VARIABLE = YES;
				IPHONEOS_DEPLOYMENT_TARGET = 9.3;
				MTL_ENABLE_DEBUG_INFO = NO;
				OTHER_SWIFT_FLAGS = "-D PROD";
				SDKROOT = iphoneos;
				SWIFT_OBJC_BRIDGING_HEADER = "";
				VALIDATE_PRODUCT = YES;
			};
			name = "Release Prod";
		};
		21CDC4BF1CE91D9B009D2638 /* Debug Prod */ = {
			isa = XCBuildConfiguration;
			baseConfigurationReference = 5BE041370A3BD096E67F065F /* Pods-Sunrise.debug prod.xcconfig */;
			buildSettings = {
				ASSETCATALOG_COMPILER_APPICON_NAME = AppIcon;
				CODE_SIGN_IDENTITY = "iPhone Developer";
				"CODE_SIGN_IDENTITY[sdk=iphoneos*]" = "iPhone Developer";
				INFOPLIST_FILE = Sunrise/Info.plist;
				IPHONEOS_DEPLOYMENT_TARGET = 9.0;
				LD_RUNPATH_SEARCH_PATHS = "$(inherited) @executable_path/Frameworks";
				PRODUCT_BUNDLE_IDENTIFIER = com.commercetools.Sunrise;
				PRODUCT_NAME = "$(TARGET_NAME)";
				PROVISIONING_PROFILE = "";
				SWIFT_OBJC_BRIDGING_HEADER = "Sunrise/Bridging-Header.h";
			};
			name = "Debug Prod";
		};
		21CDC4C01CE91D9B009D2638 /* Release Prod */ = {
			isa = XCBuildConfiguration;
			baseConfigurationReference = 1FBFF28843B465BB315D9FFC /* Pods-Sunrise.release prod.xcconfig */;
			buildSettings = {
				ASSETCATALOG_COMPILER_APPICON_NAME = AppIcon;
				CODE_SIGN_IDENTITY = "iPhone Developer";
				"CODE_SIGN_IDENTITY[sdk=iphoneos*]" = "iPhone Developer";
				INFOPLIST_FILE = Sunrise/Info.plist;
				IPHONEOS_DEPLOYMENT_TARGET = 9.0;
				LD_RUNPATH_SEARCH_PATHS = "$(inherited) @executable_path/Frameworks";
				PRODUCT_BUNDLE_IDENTIFIER = com.commercetools.Sunrise;
				PRODUCT_NAME = "$(TARGET_NAME)";
				PROVISIONING_PROFILE = "";
				SWIFT_OBJC_BRIDGING_HEADER = "Sunrise/Bridging-Header.h";
			};
			name = "Release Prod";
		};
		21CDC4C21CE91D9B009D2638 /* Debug Prod */ = {
			isa = XCBuildConfiguration;
			baseConfigurationReference = A91DC6065974B510D4BD15D2 /* Pods-SunriseTests.debug prod.xcconfig */;
			buildSettings = {
				BUNDLE_LOADER = "$(TEST_HOST)";
				INFOPLIST_FILE = SunriseTests/Info.plist;
				LD_RUNPATH_SEARCH_PATHS = "$(inherited) @executable_path/Frameworks @loader_path/Frameworks";
				PRODUCT_BUNDLE_IDENTIFIER = com.commercetools.sunrise.SunriseTests;
				PRODUCT_NAME = "$(TARGET_NAME)";
				TEST_HOST = "$(BUILT_PRODUCTS_DIR)/Sunrise.app/Sunrise";
			};
			name = "Debug Prod";
		};
		21CDC4C31CE91D9B009D2638 /* Release Prod */ = {
			isa = XCBuildConfiguration;
			baseConfigurationReference = 4DE03700D7B2698868A8CE86 /* Pods-SunriseTests.release prod.xcconfig */;
			buildSettings = {
				BUNDLE_LOADER = "$(TEST_HOST)";
				INFOPLIST_FILE = SunriseTests/Info.plist;
				LD_RUNPATH_SEARCH_PATHS = "$(inherited) @executable_path/Frameworks @loader_path/Frameworks";
				PRODUCT_BUNDLE_IDENTIFIER = com.commercetools.sunrise.SunriseTests;
				PRODUCT_NAME = "$(TARGET_NAME)";
				TEST_HOST = "$(BUILT_PRODUCTS_DIR)/Sunrise.app/Sunrise";
			};
			name = "Release Prod";
		};
		21CDC4C51CE91D9B009D2638 /* Debug Prod */ = {
			isa = XCBuildConfiguration;
			baseConfigurationReference = 8080A3FE3BC2FE4CAC9A3A23 /* Pods-SunriseUITests.debug prod.xcconfig */;
			buildSettings = {
				INFOPLIST_FILE = SunriseUITests/Info.plist;
				LD_RUNPATH_SEARCH_PATHS = "$(inherited) @executable_path/Frameworks @loader_path/Frameworks";
				PRODUCT_BUNDLE_IDENTIFIER = com.commercetools.sunrise.SunriseUITests;
				PRODUCT_NAME = "$(TARGET_NAME)";
				TEST_TARGET_NAME = Sunrise;
			};
			name = "Debug Prod";
		};
		21CDC4C61CE91D9B009D2638 /* Release Prod */ = {
			isa = XCBuildConfiguration;
			baseConfigurationReference = 5C6C4F0E0656BF7C533C83AE /* Pods-SunriseUITests.release prod.xcconfig */;
			buildSettings = {
				INFOPLIST_FILE = SunriseUITests/Info.plist;
				LD_RUNPATH_SEARCH_PATHS = "$(inherited) @executable_path/Frameworks @loader_path/Frameworks";
				PRODUCT_BUNDLE_IDENTIFIER = com.commercetools.sunrise.SunriseUITests;
				PRODUCT_NAME = "$(TARGET_NAME)";
				TEST_TARGET_NAME = Sunrise;
			};
			name = "Release Prod";
		};
/* End XCBuildConfiguration section */

/* Begin XCConfigurationList section */
		21CDC48F1CE91D9B009D2638 /* Build configuration list for PBXProject "Sunrise" */ = {
			isa = XCConfigurationList;
			buildConfigurations = (
				21CDC4BC1CE91D9B009D2638 /* Debug Prod */,
				21A8EEA11CEC614C009A8CEB /* Debug Staging */,
				21CDC4BD1CE91D9B009D2638 /* Release Prod */,
				21A8EEA51CEC615A009A8CEB /* Release Staging */,
			);
			defaultConfigurationIsVisible = 0;
			defaultConfigurationName = "Release Prod";
		};
		21CDC4BE1CE91D9B009D2638 /* Build configuration list for PBXNativeTarget "Sunrise" */ = {
			isa = XCConfigurationList;
			buildConfigurations = (
				21CDC4BF1CE91D9B009D2638 /* Debug Prod */,
				21A8EEA21CEC614C009A8CEB /* Debug Staging */,
				21CDC4C01CE91D9B009D2638 /* Release Prod */,
				21A8EEA61CEC615A009A8CEB /* Release Staging */,
			);
			defaultConfigurationIsVisible = 0;
			defaultConfigurationName = "Release Prod";
		};
		21CDC4C11CE91D9B009D2638 /* Build configuration list for PBXNativeTarget "SunriseTests" */ = {
			isa = XCConfigurationList;
			buildConfigurations = (
				21CDC4C21CE91D9B009D2638 /* Debug Prod */,
				21A8EEA31CEC614C009A8CEB /* Debug Staging */,
				21CDC4C31CE91D9B009D2638 /* Release Prod */,
				21A8EEA71CEC615A009A8CEB /* Release Staging */,
			);
			defaultConfigurationIsVisible = 0;
			defaultConfigurationName = "Release Prod";
		};
		21CDC4C41CE91D9B009D2638 /* Build configuration list for PBXNativeTarget "SunriseUITests" */ = {
			isa = XCConfigurationList;
			buildConfigurations = (
				21CDC4C51CE91D9B009D2638 /* Debug Prod */,
				21A8EEA41CEC614C009A8CEB /* Debug Staging */,
				21CDC4C61CE91D9B009D2638 /* Release Prod */,
				21A8EEA81CEC615A009A8CEB /* Release Staging */,
			);
			defaultConfigurationIsVisible = 0;
			defaultConfigurationName = "Release Prod";
		};
/* End XCConfigurationList section */
	};
	rootObject = 21CDC48C1CE91D9B009D2638 /* Project object */;
}
