<?xml version="1.0" encoding="UTF-8"?>
<Scheme
   LastUpgradeVersion = "1020"
   version = "1.3">
   <BuildAction
      parallelizeBuildables = "YES"
      buildImplicitDependencies = "YES">
      <BuildActionEntries>
         <BuildActionEntry
            buildForTesting = "YES"
            buildForRunning = "YES"
            buildForProfiling = "YES"
            buildForArchiving = "YES"
            buildForAnalyzing = "YES">
            <BuildableReference
               BuildableIdentifier = "primary"
               BlueprintIdentifier = "2163EBB01DE8C26C00803640"
               BuildableName = "Sunrise Watch.app"
               BlueprintName = "Sunrise Watch"
               ReferencedContainer = "container:Sunrise.xcodeproj">
            </BuildableReference>
         </BuildActionEntry>
         <BuildActionEntry
            buildForTesting = "YES"
            buildForRunning = "YES"
            buildForProfiling = "YES"
            buildForArchiving = "YES"
            buildForAnalyzing = "YES">
            <BuildableReference
               BuildableIdentifier = "primary"
               BlueprintIdentifier = "21CDC4931CE91D9B009D2638"
               BuildableName = "Sunrise.app"
               BlueprintName = "Sunrise"
               ReferencedContainer = "container:Sunrise.xcodeproj">
            </BuildableReference>
         </BuildActionEntry>
      </BuildActionEntries>
   </BuildAction>
   <TestAction
      buildConfiguration = "Debug Prod"
      selectedDebuggerIdentifier = "Xcode.DebuggerFoundation.Debugger.LLDB"
      selectedLauncherIdentifier = "Xcode.DebuggerFoundation.Launcher.LLDB"
      shouldUseLaunchSchemeArgsEnv = "YES">
      <Testables>
      </Testables>
      <MacroExpansion>
         <BuildableReference
            BuildableIdentifier = "primary"
            BlueprintIdentifier = "2163EBB01DE8C26C00803640"
            BuildableName = "Sunrise Watch.app"
            BlueprintName = "Sunrise Watch"
            ReferencedContainer = "container:Sunrise.xcodeproj">
         </BuildableReference>
      </MacroExpansion>
      <AdditionalOptions>
      </AdditionalOptions>
   </TestAction>
   <LaunchAction
      buildConfiguration = "Debug Prod"
      selectedDebuggerIdentifier = "Xcode.DebuggerFoundation.Debugger.LLDB"
      selectedLauncherIdentifier = "Xcode.DebuggerFoundation.Launcher.LLDB"
      launchStyle = "0"
      useCustomWorkingDirectory = "NO"
      ignoresPersistentStateOnLaunch = "NO"
      debugDocumentVersioning = "YES"
      debugServiceExtension = "internal"
      allowLocationSimulation = "YES">
      <RemoteRunnable
         runnableDebuggingMode = "2"
         BundleIdentifier = "com.apple.carousel"
         RemotePath = "/Sunrise">
         <BuildableReference
            BuildableIdentifier = "primary"
            BlueprintIdentifier = "2163EBB01DE8C26C00803640"
            BuildableName = "Sunrise Watch.app"
            BlueprintName = "Sunrise Watch"
            ReferencedContainer = "container:Sunrise.xcodeproj">
         </BuildableReference>
      </RemoteRunnable>
      <MacroExpansion>
         <BuildableReference
            BuildableIdentifier = "primary"
            BlueprintIdentifier = "2163EBB01DE8C26C00803640"
            BuildableName = "Sunrise Watch.app"
            BlueprintName = "Sunrise Watch"
            ReferencedContainer = "container:Sunrise.xcodeproj">
         </BuildableReference>
      </MacroExpansion>
      <AdditionalOptions>
      </AdditionalOptions>
   </LaunchAction>
   <ProfileAction
      buildConfiguration = "Release Prod"
      shouldUseLaunchSchemeArgsEnv = "YES"
      savedToolIdentifier = ""
      useCustomWorkingDirectory = "NO"
      debugDocumentVersioning = "YES">
      <RemoteRunnable
         runnableDebuggingMode = "2"
         BundleIdentifier = "com.apple.carousel"
         RemotePath = "/Sunrise">
         <BuildableReference
            BuildableIdentifier = "primary"
            BlueprintIdentifier = "2163EBB01DE8C26C00803640"
            BuildableName = "Sunrise Watch.app"
            BlueprintName = "Sunrise Watch"
            ReferencedContainer = "container:Sunrise.xcodeproj">
         </BuildableReference>
      </RemoteRunnable>
      <MacroExpansion>
         <BuildableReference
            BuildableIdentifier = "primary"
            BlueprintIdentifier = "2163EBB01DE8C26C00803640"
            BuildableName = "Sunrise Watch.app"
            BlueprintName = "Sunrise Watch"
            ReferencedContainer = "container:Sunrise.xcodeproj">
         </BuildableReference>
      </MacroExpansion>
   </ProfileAction>
   <AnalyzeAction
      buildConfiguration = "Debug Prod">
   </AnalyzeAction>
   <ArchiveAction
      buildConfiguration = "Release Prod"
      revealArchiveInOrganizer = "YES">
   </ArchiveAction>
</Scheme>
